// !$*UTF8*$!
{
	archiveVersion = 1;
	classes = {
	};
	objectVersion = 51;
	objects = {

/* Begin PBXBuildFile section */
		67D64D47437E612253AE368F /* Pods_SwiftSourceBase.framework in Frameworks */ = {isa = PBXBuildFile; fileRef = D3FCEBE35B6730500E87CFD6 /* Pods_SwiftSourceBase.framework */; };
		6C374CC922EC4406006D3068 /* Request.swift in Sources */ = {isa = PBXBuildFile; fileRef = 6C374CC822EC4406006D3068 /* Request.swift */; };
		6C374CCA22EC4406006D3068 /* Request.swift in Sources */ = {isa = PBXBuildFile; fileRef = 6C374CC822EC4406006D3068 /* Request.swift */; };
		6C374CCB22EC4406006D3068 /* Request.swift in Sources */ = {isa = PBXBuildFile; fileRef = 6C374CC822EC4406006D3068 /* Request.swift */; };
		6C374CCD22EC4DED006D3068 /* BaseRxNetwork.swift in Sources */ = {isa = PBXBuildFile; fileRef = 6C374CCC22EC4DED006D3068 /* BaseRxNetwork.swift */; };
		6C374CCE22EC4DED006D3068 /* BaseRxNetwork.swift in Sources */ = {isa = PBXBuildFile; fileRef = 6C374CCC22EC4DED006D3068 /* BaseRxNetwork.swift */; };
		6C374CCF22EC4DED006D3068 /* BaseRxNetwork.swift in Sources */ = {isa = PBXBuildFile; fileRef = 6C374CCC22EC4DED006D3068 /* BaseRxNetwork.swift */; };
		6C374CD222EC7E48006D3068 /* UserService.swift in Sources */ = {isa = PBXBuildFile; fileRef = 6C374CD122EC7E48006D3068 /* UserService.swift */; };
		6C374CD322EC7E48006D3068 /* UserService.swift in Sources */ = {isa = PBXBuildFile; fileRef = 6C374CD122EC7E48006D3068 /* UserService.swift */; };
		6C374CD422EC7E48006D3068 /* UserService.swift in Sources */ = {isa = PBXBuildFile; fileRef = 6C374CD122EC7E48006D3068 /* UserService.swift */; };
		6C374CD722EC80AA006D3068 /* UserViewModel.swift in Sources */ = {isa = PBXBuildFile; fileRef = 6C374CD622EC80AA006D3068 /* UserViewModel.swift */; };
		6C374CD822EC80AA006D3068 /* UserViewModel.swift in Sources */ = {isa = PBXBuildFile; fileRef = 6C374CD622EC80AA006D3068 /* UserViewModel.swift */; };
		6C374CD922EC80AA006D3068 /* UserViewModel.swift in Sources */ = {isa = PBXBuildFile; fileRef = 6C374CD622EC80AA006D3068 /* UserViewModel.swift */; };
		6C3899C52300084200344F0F /* Authenticate.storyboard in Resources */ = {isa = PBXBuildFile; fileRef = 6C3899C42300084200344F0F /* Authenticate.storyboard */; };
		6C3899C62300084200344F0F /* Authenticate.storyboard in Resources */ = {isa = PBXBuildFile; fileRef = 6C3899C42300084200344F0F /* Authenticate.storyboard */; };
		6C3899C72300084200344F0F /* Authenticate.storyboard in Resources */ = {isa = PBXBuildFile; fileRef = 6C3899C42300084200344F0F /* Authenticate.storyboard */; };
		6C3899CA230008BF00344F0F /* LoginVC.swift in Sources */ = {isa = PBXBuildFile; fileRef = 6C3899C9230008BF00344F0F /* LoginVC.swift */; };
		6C3899CB230008BF00344F0F /* LoginVC.swift in Sources */ = {isa = PBXBuildFile; fileRef = 6C3899C9230008BF00344F0F /* LoginVC.swift */; };
		6C3899CC230008BF00344F0F /* LoginVC.swift in Sources */ = {isa = PBXBuildFile; fileRef = 6C3899C9230008BF00344F0F /* LoginVC.swift */; };
		6C3899CE23000BA900344F0F /* AuthenticateService.swift in Sources */ = {isa = PBXBuildFile; fileRef = 6C3899CD23000BA900344F0F /* AuthenticateService.swift */; };
		6C3899CF23000BA900344F0F /* AuthenticateService.swift in Sources */ = {isa = PBXBuildFile; fileRef = 6C3899CD23000BA900344F0F /* AuthenticateService.swift */; };
		6C3899D023000BA900344F0F /* AuthenticateService.swift in Sources */ = {isa = PBXBuildFile; fileRef = 6C3899CD23000BA900344F0F /* AuthenticateService.swift */; };
		6C3899D223000C9A00344F0F /* AuthenticateViewModel.swift in Sources */ = {isa = PBXBuildFile; fileRef = 6C3899D123000C9A00344F0F /* AuthenticateViewModel.swift */; };
		6C3899D323000C9A00344F0F /* AuthenticateViewModel.swift in Sources */ = {isa = PBXBuildFile; fileRef = 6C3899D123000C9A00344F0F /* AuthenticateViewModel.swift */; };
		6C3899D423000C9A00344F0F /* AuthenticateViewModel.swift in Sources */ = {isa = PBXBuildFile; fileRef = 6C3899D123000C9A00344F0F /* AuthenticateViewModel.swift */; };
		6C3A10A122F31BD6000EBC4B /* UserCell.swift in Sources */ = {isa = PBXBuildFile; fileRef = 6C3A10A022F31BD6000EBC4B /* UserCell.swift */; };
		6C3A10A222F31BD6000EBC4B /* UserCell.swift in Sources */ = {isa = PBXBuildFile; fileRef = 6C3A10A022F31BD6000EBC4B /* UserCell.swift */; };
		6C3A10A322F31BD6000EBC4B /* UserCell.swift in Sources */ = {isa = PBXBuildFile; fileRef = 6C3A10A022F31BD6000EBC4B /* UserCell.swift */; };
		6C3A10A522F31C8B000EBC4B /* Common.swift in Sources */ = {isa = PBXBuildFile; fileRef = 6C3A10A422F31C8B000EBC4B /* Common.swift */; };
		6C3A10A622F31C8B000EBC4B /* Common.swift in Sources */ = {isa = PBXBuildFile; fileRef = 6C3A10A422F31C8B000EBC4B /* Common.swift */; };
		6C3A10A722F31C8B000EBC4B /* Common.swift in Sources */ = {isa = PBXBuildFile; fileRef = 6C3A10A422F31C8B000EBC4B /* Common.swift */; };
		6C3A10AA22F32BD5000EBC4B /* ScrollView+Loadmore.swift in Sources */ = {isa = PBXBuildFile; fileRef = 6C3A10A922F32BD5000EBC4B /* ScrollView+Loadmore.swift */; };
		6C3A10AB22F32BD5000EBC4B /* ScrollView+Loadmore.swift in Sources */ = {isa = PBXBuildFile; fileRef = 6C3A10A922F32BD5000EBC4B /* ScrollView+Loadmore.swift */; };
		6C3A10AC22F32BD5000EBC4B /* ScrollView+Loadmore.swift in Sources */ = {isa = PBXBuildFile; fileRef = 6C3A10A922F32BD5000EBC4B /* ScrollView+Loadmore.swift */; };
		6C3A10AE22F33077000EBC4B /* LoadmoreItem.swift in Sources */ = {isa = PBXBuildFile; fileRef = 6C3A10AD22F33077000EBC4B /* LoadmoreItem.swift */; };
		6C3A10AF22F33077000EBC4B /* LoadmoreItem.swift in Sources */ = {isa = PBXBuildFile; fileRef = 6C3A10AD22F33077000EBC4B /* LoadmoreItem.swift */; };
		6C3A10B022F33077000EBC4B /* LoadmoreItem.swift in Sources */ = {isa = PBXBuildFile; fileRef = 6C3A10AD22F33077000EBC4B /* LoadmoreItem.swift */; };
		6C4BA76222EB385900F3D792 /* UIColor+Extension.swift in Sources */ = {isa = PBXBuildFile; fileRef = 6C4BA76122EB385900F3D792 /* UIColor+Extension.swift */; };
		6C4BA76322EB385900F3D792 /* UIColor+Extension.swift in Sources */ = {isa = PBXBuildFile; fileRef = 6C4BA76122EB385900F3D792 /* UIColor+Extension.swift */; };
		6C4BA76422EB385900F3D792 /* UIColor+Extension.swift in Sources */ = {isa = PBXBuildFile; fileRef = 6C4BA76122EB385900F3D792 /* UIColor+Extension.swift */; };
		6C4BA76622EB391600F3D792 /* String+Extension.swift in Sources */ = {isa = PBXBuildFile; fileRef = 6C4BA76522EB391600F3D792 /* String+Extension.swift */; };
		6C4BA76722EB391600F3D792 /* String+Extension.swift in Sources */ = {isa = PBXBuildFile; fileRef = 6C4BA76522EB391600F3D792 /* String+Extension.swift */; };
		6C4BA76822EB391600F3D792 /* String+Extension.swift in Sources */ = {isa = PBXBuildFile; fileRef = 6C4BA76522EB391600F3D792 /* String+Extension.swift */; };
		6C4BA76B22EB398300F3D792 /* CommonEnum.swift in Sources */ = {isa = PBXBuildFile; fileRef = 6C4BA76A22EB398300F3D792 /* CommonEnum.swift */; };
		6C4BA76C22EB398300F3D792 /* CommonEnum.swift in Sources */ = {isa = PBXBuildFile; fileRef = 6C4BA76A22EB398300F3D792 /* CommonEnum.swift */; };
		6C4BA76D22EB398300F3D792 /* CommonEnum.swift in Sources */ = {isa = PBXBuildFile; fileRef = 6C4BA76A22EB398300F3D792 /* CommonEnum.swift */; };
		6C4BA77422EB3DB600F3D792 /* NetworkUtils.swift in Sources */ = {isa = PBXBuildFile; fileRef = 6C4BA77322EB3DB600F3D792 /* NetworkUtils.swift */; };
		6C4BA77522EB3DB600F3D792 /* NetworkUtils.swift in Sources */ = {isa = PBXBuildFile; fileRef = 6C4BA77322EB3DB600F3D792 /* NetworkUtils.swift */; };
		6C4BA77622EB3DB600F3D792 /* NetworkUtils.swift in Sources */ = {isa = PBXBuildFile; fileRef = 6C4BA77322EB3DB600F3D792 /* NetworkUtils.swift */; };
		6C4BA77822EB3E3000F3D792 /* CustomError.swift in Sources */ = {isa = PBXBuildFile; fileRef = 6C4BA77722EB3E3000F3D792 /* CustomError.swift */; };
		6C4BA77922EB3E3000F3D792 /* CustomError.swift in Sources */ = {isa = PBXBuildFile; fileRef = 6C4BA77722EB3E3000F3D792 /* CustomError.swift */; };
		6C4BA77A22EB3E3000F3D792 /* CustomError.swift in Sources */ = {isa = PBXBuildFile; fileRef = 6C4BA77722EB3E3000F3D792 /* CustomError.swift */; };
		6C4BA77D22EB4A9000F3D792 /* Server.swift in Sources */ = {isa = PBXBuildFile; fileRef = 6C4BA77C22EB4A9000F3D792 /* Server.swift */; };
		6C4BA77E22EB4A9000F3D792 /* Server.swift in Sources */ = {isa = PBXBuildFile; fileRef = 6C4BA77C22EB4A9000F3D792 /* Server.swift */; };
		6C4BA77F22EB4A9000F3D792 /* Server.swift in Sources */ = {isa = PBXBuildFile; fileRef = 6C4BA77C22EB4A9000F3D792 /* Server.swift */; };
		6C4BA78422EB4CC600F3D792 /* UserModel.swift in Sources */ = {isa = PBXBuildFile; fileRef = 6C4BA78322EB4CC600F3D792 /* UserModel.swift */; };
		6C4BA78522EB4CC600F3D792 /* UserModel.swift in Sources */ = {isa = PBXBuildFile; fileRef = 6C4BA78322EB4CC600F3D792 /* UserModel.swift */; };
		6C4BA78622EB4CC600F3D792 /* UserModel.swift in Sources */ = {isa = PBXBuildFile; fileRef = 6C4BA78322EB4CC600F3D792 /* UserModel.swift */; };
		6C4BA78822EB4DD200F3D792 /* BaseRes.swift in Sources */ = {isa = PBXBuildFile; fileRef = 6C4BA78722EB4DD200F3D792 /* BaseRes.swift */; };
		6C4BA78922EB4DD200F3D792 /* BaseRes.swift in Sources */ = {isa = PBXBuildFile; fileRef = 6C4BA78722EB4DD200F3D792 /* BaseRes.swift */; };
		6C4BA78A22EB4DD200F3D792 /* BaseRes.swift in Sources */ = {isa = PBXBuildFile; fileRef = 6C4BA78722EB4DD200F3D792 /* BaseRes.swift */; };
		6C4BA78C22EB564200F3D792 /* CreateUserRes.swift in Sources */ = {isa = PBXBuildFile; fileRef = 6C4BA78B22EB564200F3D792 /* CreateUserRes.swift */; };
		6C4BA78D22EB564200F3D792 /* CreateUserRes.swift in Sources */ = {isa = PBXBuildFile; fileRef = 6C4BA78B22EB564200F3D792 /* CreateUserRes.swift */; };
		6C4BA78E22EB564200F3D792 /* CreateUserRes.swift in Sources */ = {isa = PBXBuildFile; fileRef = 6C4BA78B22EB564200F3D792 /* CreateUserRes.swift */; };
		6C4BA79122EB58A000F3D792 /* CreateUserReq.swift in Sources */ = {isa = PBXBuildFile; fileRef = 6C4BA79022EB58A000F3D792 /* CreateUserReq.swift */; };
		6C4BA79222EB58A000F3D792 /* CreateUserReq.swift in Sources */ = {isa = PBXBuildFile; fileRef = 6C4BA79022EB58A000F3D792 /* CreateUserReq.swift */; };
		6C4BA79322EB58A000F3D792 /* CreateUserReq.swift in Sources */ = {isa = PBXBuildFile; fileRef = 6C4BA79022EB58A000F3D792 /* CreateUserReq.swift */; };
		6C505EBE22ED69B90005473C /* WindowPopup.swift in Sources */ = {isa = PBXBuildFile; fileRef = 6C505EBD22ED69B90005473C /* WindowPopup.swift */; };
		6C505EBF22ED69B90005473C /* WindowPopup.swift in Sources */ = {isa = PBXBuildFile; fileRef = 6C505EBD22ED69B90005473C /* WindowPopup.swift */; };
		6C505EC022ED69B90005473C /* WindowPopup.swift in Sources */ = {isa = PBXBuildFile; fileRef = 6C505EBD22ED69B90005473C /* WindowPopup.swift */; };
		6C505EC422ED6DBE0005473C /* LoadingVC.swift in Sources */ = {isa = PBXBuildFile; fileRef = 6C505EC222ED6DBE0005473C /* LoadingVC.swift */; };
		6C505EC522ED6DBE0005473C /* LoadingVC.swift in Sources */ = {isa = PBXBuildFile; fileRef = 6C505EC222ED6DBE0005473C /* LoadingVC.swift */; };
		6C505EC622ED6DBE0005473C /* LoadingVC.swift in Sources */ = {isa = PBXBuildFile; fileRef = 6C505EC222ED6DBE0005473C /* LoadingVC.swift */; };
		6C505EC722ED6DBE0005473C /* LoadingVC.xib in Resources */ = {isa = PBXBuildFile; fileRef = 6C505EC322ED6DBE0005473C /* LoadingVC.xib */; };
		6C505EC822ED6DBE0005473C /* LoadingVC.xib in Resources */ = {isa = PBXBuildFile; fileRef = 6C505EC322ED6DBE0005473C /* LoadingVC.xib */; };
		6C505EC922ED6DBE0005473C /* LoadingVC.xib in Resources */ = {isa = PBXBuildFile; fileRef = 6C505EC322ED6DBE0005473C /* LoadingVC.xib */; };
		6C505ED022EDA1430005473C /* ListUserVC.swift in Sources */ = {isa = PBXBuildFile; fileRef = 6C505ECF22EDA1430005473C /* ListUserVC.swift */; };
		6C505ED122EDA1430005473C /* ListUserVC.swift in Sources */ = {isa = PBXBuildFile; fileRef = 6C505ECF22EDA1430005473C /* ListUserVC.swift */; };
		6C505ED222EDA1430005473C /* ListUserVC.swift in Sources */ = {isa = PBXBuildFile; fileRef = 6C505ECF22EDA1430005473C /* ListUserVC.swift */; };
		6CE3038B22E46E5900C3E77A /* AppDelegate.swift in Sources */ = {isa = PBXBuildFile; fileRef = 6CE3038A22E46E5900C3E77A /* AppDelegate.swift */; };
		6CE3038D22E46E5900C3E77A /* ViewController.swift in Sources */ = {isa = PBXBuildFile; fileRef = 6CE3038C22E46E5900C3E77A /* ViewController.swift */; };
		6CE3039022E46E5900C3E77A /* Main.storyboard in Resources */ = {isa = PBXBuildFile; fileRef = 6CE3038E22E46E5900C3E77A /* Main.storyboard */; };
		6CE3039222E46E5A00C3E77A /* Assets.xcassets in Resources */ = {isa = PBXBuildFile; fileRef = 6CE3039122E46E5A00C3E77A /* Assets.xcassets */; };
		6CE3039522E46E5A00C3E77A /* LaunchScreen.storyboard in Resources */ = {isa = PBXBuildFile; fileRef = 6CE3039322E46E5A00C3E77A /* LaunchScreen.storyboard */; };
		6CE303A022E46E5A00C3E77A /* SwiftSourceBaseTests.swift in Sources */ = {isa = PBXBuildFile; fileRef = 6CE3039F22E46E5A00C3E77A /* SwiftSourceBaseTests.swift */; };
		6CE303AB22E46E5A00C3E77A /* SwiftSourceBaseUITests.swift in Sources */ = {isa = PBXBuildFile; fileRef = 6CE303AA22E46E5A00C3E77A /* SwiftSourceBaseUITests.swift */; };
		7B19CE64BE46D11D54D10494 /* Pods_DevSwiftSourceBase.framework in Frameworks */ = {isa = PBXBuildFile; fileRef = 2A3C5021DA5F530B439F0C4C /* Pods_DevSwiftSourceBase.framework */; };
		950369B122FA762E0056CAEA /* LoginReq.swift in Sources */ = {isa = PBXBuildFile; fileRef = 950369B022FA762E0056CAEA /* LoginReq.swift */; };
		950369B222FA762E0056CAEA /* LoginReq.swift in Sources */ = {isa = PBXBuildFile; fileRef = 950369B022FA762E0056CAEA /* LoginReq.swift */; };
		950369B322FA762E0056CAEA /* LoginReq.swift in Sources */ = {isa = PBXBuildFile; fileRef = 950369B022FA762E0056CAEA /* LoginReq.swift */; };
		950369B522FA7D070056CAEA /* LoginData.swift in Sources */ = {isa = PBXBuildFile; fileRef = 950369B422FA7D070056CAEA /* LoginData.swift */; };
		950369B622FA7D070056CAEA /* LoginData.swift in Sources */ = {isa = PBXBuildFile; fileRef = 950369B422FA7D070056CAEA /* LoginData.swift */; };
		950369B722FA7D070056CAEA /* LoginData.swift in Sources */ = {isa = PBXBuildFile; fileRef = 950369B422FA7D070056CAEA /* LoginData.swift */; };
		950369BB22FA84F80056CAEA /* AlertVC.swift in Sources */ = {isa = PBXBuildFile; fileRef = 950369B922FA84F80056CAEA /* AlertVC.swift */; };
		950369BC22FA84F80056CAEA /* AlertVC.swift in Sources */ = {isa = PBXBuildFile; fileRef = 950369B922FA84F80056CAEA /* AlertVC.swift */; };
		950369BD22FA84F80056CAEA /* AlertVC.swift in Sources */ = {isa = PBXBuildFile; fileRef = 950369B922FA84F80056CAEA /* AlertVC.swift */; };
		950369BE22FA84F80056CAEA /* AlertVC.xib in Resources */ = {isa = PBXBuildFile; fileRef = 950369BA22FA84F80056CAEA /* AlertVC.xib */; };
		950369BF22FA84F80056CAEA /* AlertVC.xib in Resources */ = {isa = PBXBuildFile; fileRef = 950369BA22FA84F80056CAEA /* AlertVC.xib */; };
		950369C022FA84F80056CAEA /* AlertVC.xib in Resources */ = {isa = PBXBuildFile; fileRef = 950369BA22FA84F80056CAEA /* AlertVC.xib */; };
		950369C322FAB7700056CAEA /* UserDefaultTools.swift in Sources */ = {isa = PBXBuildFile; fileRef = 950369C222FAB7700056CAEA /* UserDefaultTools.swift */; };
		950369C422FAB7700056CAEA /* UserDefaultTools.swift in Sources */ = {isa = PBXBuildFile; fileRef = 950369C222FAB7700056CAEA /* UserDefaultTools.swift */; };
		950369C522FAB7700056CAEA /* UserDefaultTools.swift in Sources */ = {isa = PBXBuildFile; fileRef = 950369C222FAB7700056CAEA /* UserDefaultTools.swift */; };
		950369C722FAB9D50056CAEA /* SaveKey.swift in Sources */ = {isa = PBXBuildFile; fileRef = 950369C622FAB9D50056CAEA /* SaveKey.swift */; };
		950369C822FAB9D50056CAEA /* SaveKey.swift in Sources */ = {isa = PBXBuildFile; fileRef = 950369C622FAB9D50056CAEA /* SaveKey.swift */; };
		950369C922FAB9D50056CAEA /* SaveKey.swift in Sources */ = {isa = PBXBuildFile; fileRef = 950369C622FAB9D50056CAEA /* SaveKey.swift */; };
		950369CB22FABEFD0056CAEA /* Dictionary+Extension.swift in Sources */ = {isa = PBXBuildFile; fileRef = 950369CA22FABEFD0056CAEA /* Dictionary+Extension.swift */; };
		950369CC22FABEFD0056CAEA /* Dictionary+Extension.swift in Sources */ = {isa = PBXBuildFile; fileRef = 950369CA22FABEFD0056CAEA /* Dictionary+Extension.swift */; };
		950369CD22FABEFD0056CAEA /* Dictionary+Extension.swift in Sources */ = {isa = PBXBuildFile; fileRef = 950369CA22FABEFD0056CAEA /* Dictionary+Extension.swift */; };
		9544AA4622E85FE80062270E /* Localizable.strings in Resources */ = {isa = PBXBuildFile; fileRef = 9544AA4A22E85FE80062270E /* Localizable.strings */; };
		9544AA4722E85FE80062270E /* Localizable.strings in Resources */ = {isa = PBXBuildFile; fileRef = 9544AA4A22E85FE80062270E /* Localizable.strings */; };
		9544AA4822E85FE80062270E /* Localizable.strings in Resources */ = {isa = PBXBuildFile; fileRef = 9544AA4A22E85FE80062270E /* Localizable.strings */; };
		95488CF822F937C4006AF9E0 /* UIView+Extension.swift in Sources */ = {isa = PBXBuildFile; fileRef = 95488CF722F937C4006AF9E0 /* UIView+Extension.swift */; };
		95488CF922F937C4006AF9E0 /* UIView+Extension.swift in Sources */ = {isa = PBXBuildFile; fileRef = 95488CF722F937C4006AF9E0 /* UIView+Extension.swift */; };
		95488CFA22F937C4006AF9E0 /* UIView+Extension.swift in Sources */ = {isa = PBXBuildFile; fileRef = 95488CF722F937C4006AF9E0 /* UIView+Extension.swift */; };
		95488CFC22F93CBD006AF9E0 /* UIDevice+Extension.swift in Sources */ = {isa = PBXBuildFile; fileRef = 95488CFB22F93CBD006AF9E0 /* UIDevice+Extension.swift */; };
		95488CFD22F93CBD006AF9E0 /* UIDevice+Extension.swift in Sources */ = {isa = PBXBuildFile; fileRef = 95488CFB22F93CBD006AF9E0 /* UIDevice+Extension.swift */; };
		95488CFE22F93CBD006AF9E0 /* UIDevice+Extension.swift in Sources */ = {isa = PBXBuildFile; fileRef = 95488CFB22F93CBD006AF9E0 /* UIDevice+Extension.swift */; };
		95488D0022F93E3B006AF9E0 /* UIImageView+Extension.swift in Sources */ = {isa = PBXBuildFile; fileRef = 95488CFF22F93E3B006AF9E0 /* UIImageView+Extension.swift */; };
		95488D0122F93E3B006AF9E0 /* UIImageView+Extension.swift in Sources */ = {isa = PBXBuildFile; fileRef = 95488CFF22F93E3B006AF9E0 /* UIImageView+Extension.swift */; };
		95488D0222F93E3B006AF9E0 /* UIImageView+Extension.swift in Sources */ = {isa = PBXBuildFile; fileRef = 95488CFF22F93E3B006AF9E0 /* UIImageView+Extension.swift */; };
		95488D0422F93EF0006AF9E0 /* UIButton+Extension.swift in Sources */ = {isa = PBXBuildFile; fileRef = 95488D0322F93EF0006AF9E0 /* UIButton+Extension.swift */; };
		95488D0522F93EF0006AF9E0 /* UIButton+Extension.swift in Sources */ = {isa = PBXBuildFile; fileRef = 95488D0322F93EF0006AF9E0 /* UIButton+Extension.swift */; };
		95488D0622F93EF0006AF9E0 /* UIButton+Extension.swift in Sources */ = {isa = PBXBuildFile; fileRef = 95488D0322F93EF0006AF9E0 /* UIButton+Extension.swift */; };
		959E02F422E6F91500FF53CE /* ViewController.swift in Sources */ = {isa = PBXBuildFile; fileRef = 6CE3038C22E46E5900C3E77A /* ViewController.swift */; };
		959E02F522E6F91500FF53CE /* AppDelegate.swift in Sources */ = {isa = PBXBuildFile; fileRef = 6CE3038A22E46E5900C3E77A /* AppDelegate.swift */; };
		959E02F922E6F91500FF53CE /* LaunchScreen.storyboard in Resources */ = {isa = PBXBuildFile; fileRef = 6CE3039322E46E5A00C3E77A /* LaunchScreen.storyboard */; };
		959E02FA22E6F91500FF53CE /* Assets.xcassets in Resources */ = {isa = PBXBuildFile; fileRef = 6CE3039122E46E5A00C3E77A /* Assets.xcassets */; };
		959E02FB22E6F91500FF53CE /* Main.storyboard in Resources */ = {isa = PBXBuildFile; fileRef = 6CE3038E22E46E5900C3E77A /* Main.storyboard */; };
		959E030522E6FC3C00FF53CE /* ViewController.swift in Sources */ = {isa = PBXBuildFile; fileRef = 6CE3038C22E46E5900C3E77A /* ViewController.swift */; };
		959E030622E6FC3C00FF53CE /* AppDelegate.swift in Sources */ = {isa = PBXBuildFile; fileRef = 6CE3038A22E46E5900C3E77A /* AppDelegate.swift */; };
		959E030A22E6FC3C00FF53CE /* LaunchScreen.storyboard in Resources */ = {isa = PBXBuildFile; fileRef = 6CE3039322E46E5A00C3E77A /* LaunchScreen.storyboard */; };
		959E030B22E6FC3C00FF53CE /* Assets.xcassets in Resources */ = {isa = PBXBuildFile; fileRef = 6CE3039122E46E5A00C3E77A /* Assets.xcassets */; };
		959E030C22E6FC3C00FF53CE /* Main.storyboard in Resources */ = {isa = PBXBuildFile; fileRef = 6CE3038E22E46E5900C3E77A /* Main.storyboard */; };
		959E031D22E70B6400FF53CE /* Logger.swift in Sources */ = {isa = PBXBuildFile; fileRef = 959E031C22E70B6400FF53CE /* Logger.swift */; };
		959E031E22E70B6400FF53CE /* Logger.swift in Sources */ = {isa = PBXBuildFile; fileRef = 959E031C22E70B6400FF53CE /* Logger.swift */; };
		959E031F22E70B6400FF53CE /* Logger.swift in Sources */ = {isa = PBXBuildFile; fileRef = 959E031C22E70B6400FF53CE /* Logger.swift */; };
		95EB7DCC22EFFC48005D4181 /* Codable+Extension.swift in Sources */ = {isa = PBXBuildFile; fileRef = 95EB7DCB22EFFC48005D4181 /* Codable+Extension.swift */; };
		95EB7DCD22EFFC48005D4181 /* Codable+Extension.swift in Sources */ = {isa = PBXBuildFile; fileRef = 95EB7DCB22EFFC48005D4181 /* Codable+Extension.swift */; };
		95EB7DCE22EFFC48005D4181 /* Codable+Extension.swift in Sources */ = {isa = PBXBuildFile; fileRef = 95EB7DCB22EFFC48005D4181 /* Codable+Extension.swift */; };
		95EB7DD122F003D4005D4181 /* StoryboardName.swift in Sources */ = {isa = PBXBuildFile; fileRef = 95EB7DD022F003D4005D4181 /* StoryboardName.swift */; };
		95EB7DD222F003D4005D4181 /* StoryboardName.swift in Sources */ = {isa = PBXBuildFile; fileRef = 95EB7DD022F003D4005D4181 /* StoryboardName.swift */; };
		95EB7DD322F003D4005D4181 /* StoryboardName.swift in Sources */ = {isa = PBXBuildFile; fileRef = 95EB7DD022F003D4005D4181 /* StoryboardName.swift */; };
		95EB7DD722F004D4005D4181 /* UserStoryboard.storyboard in Resources */ = {isa = PBXBuildFile; fileRef = 95EB7DD622F004D4005D4181 /* UserStoryboard.storyboard */; };
		95EB7DD822F004D4005D4181 /* UserStoryboard.storyboard in Resources */ = {isa = PBXBuildFile; fileRef = 95EB7DD622F004D4005D4181 /* UserStoryboard.storyboard */; };
		95EB7DD922F004D4005D4181 /* UserStoryboard.storyboard in Resources */ = {isa = PBXBuildFile; fileRef = 95EB7DD622F004D4005D4181 /* UserStoryboard.storyboard */; };
		DD54BA39A763EFACE10705EF /* Pods_StgSwiftSourceBase.framework in Frameworks */ = {isa = PBXBuildFile; fileRef = 48B1F4793AF65C0AEC0DE925 /* Pods_StgSwiftSourceBase.framework */; };
		F4F25B63C107B2D5F60430CD /* (null) in Frameworks */ = {isa = PBXBuildFile; };
/* End PBXBuildFile section */

/* Begin PBXContainerItemProxy section */
		6CE3039C22E46E5A00C3E77A /* PBXContainerItemProxy */ = {
			isa = PBXContainerItemProxy;
			containerPortal = 6CE3037F22E46E5900C3E77A /* Project object */;
			proxyType = 1;
			remoteGlobalIDString = 6CE3038622E46E5900C3E77A;
			remoteInfo = SwiftSourceBase;
		};
		6CE303A722E46E5A00C3E77A /* PBXContainerItemProxy */ = {
			isa = PBXContainerItemProxy;
			containerPortal = 6CE3037F22E46E5900C3E77A /* Project object */;
			proxyType = 1;
			remoteGlobalIDString = 6CE3038622E46E5900C3E77A;
			remoteInfo = SwiftSourceBase;
		};
/* End PBXContainerItemProxy section */

/* Begin PBXFileReference section */
		07B01148B732273F108B44C4 /* Pods-StgSwiftSourceBase.release.xcconfig */ = {isa = PBXFileReference; includeInIndex = 1; lastKnownFileType = text.xcconfig; name = "Pods-StgSwiftSourceBase.release.xcconfig"; path = "Target Support Files/Pods-StgSwiftSourceBase/Pods-StgSwiftSourceBase.release.xcconfig"; sourceTree = "<group>"; };
		126F37B8FB3CDCAA8BDE962F /* Pods-DevSwiftSourceBase.debug.xcconfig */ = {isa = PBXFileReference; includeInIndex = 1; lastKnownFileType = text.xcconfig; name = "Pods-DevSwiftSourceBase.debug.xcconfig"; path = "Target Support Files/Pods-DevSwiftSourceBase/Pods-DevSwiftSourceBase.debug.xcconfig"; sourceTree = "<group>"; };
		2A3C5021DA5F530B439F0C4C /* Pods_DevSwiftSourceBase.framework */ = {isa = PBXFileReference; explicitFileType = wrapper.framework; includeInIndex = 0; path = Pods_DevSwiftSourceBase.framework; sourceTree = BUILT_PRODUCTS_DIR; };
		2BDDD8777F8D38561CB36F82 /* Pods-StgSwiftSourceBase.debug.xcconfig */ = {isa = PBXFileReference; includeInIndex = 1; lastKnownFileType = text.xcconfig; name = "Pods-StgSwiftSourceBase.debug.xcconfig"; path = "Target Support Files/Pods-StgSwiftSourceBase/Pods-StgSwiftSourceBase.debug.xcconfig"; sourceTree = "<group>"; };
		3F321BA401264CBD67A6E55D /* Pods-DevSwiftSourceBase.release.xcconfig */ = {isa = PBXFileReference; includeInIndex = 1; lastKnownFileType = text.xcconfig; name = "Pods-DevSwiftSourceBase.release.xcconfig"; path = "Target Support Files/Pods-DevSwiftSourceBase/Pods-DevSwiftSourceBase.release.xcconfig"; sourceTree = "<group>"; };
		48B1F4793AF65C0AEC0DE925 /* Pods_StgSwiftSourceBase.framework */ = {isa = PBXFileReference; explicitFileType = wrapper.framework; includeInIndex = 0; path = Pods_StgSwiftSourceBase.framework; sourceTree = BUILT_PRODUCTS_DIR; };
		59E06673744DC2C31C2B226F /* Pods-SwiftSourceBase.debug.xcconfig */ = {isa = PBXFileReference; includeInIndex = 1; lastKnownFileType = text.xcconfig; name = "Pods-SwiftSourceBase.debug.xcconfig"; path = "Target Support Files/Pods-SwiftSourceBase/Pods-SwiftSourceBase.debug.xcconfig"; sourceTree = "<group>"; };
		6C374CC822EC4406006D3068 /* Request.swift */ = {isa = PBXFileReference; lastKnownFileType = sourcecode.swift; path = Request.swift; sourceTree = "<group>"; };
		6C374CCC22EC4DED006D3068 /* BaseRxNetwork.swift */ = {isa = PBXFileReference; lastKnownFileType = sourcecode.swift; path = BaseRxNetwork.swift; sourceTree = "<group>"; };
		6C374CD122EC7E48006D3068 /* UserService.swift */ = {isa = PBXFileReference; lastKnownFileType = sourcecode.swift; path = UserService.swift; sourceTree = "<group>"; };
		6C374CD622EC80AA006D3068 /* UserViewModel.swift */ = {isa = PBXFileReference; lastKnownFileType = sourcecode.swift; path = UserViewModel.swift; sourceTree = "<group>"; };
		6C3899C42300084200344F0F /* Authenticate.storyboard */ = {isa = PBXFileReference; lastKnownFileType = file.storyboard; path = Authenticate.storyboard; sourceTree = "<group>"; };
		6C3899C9230008BF00344F0F /* LoginVC.swift */ = {isa = PBXFileReference; lastKnownFileType = sourcecode.swift; path = LoginVC.swift; sourceTree = "<group>"; };
		6C3899CD23000BA900344F0F /* AuthenticateService.swift */ = {isa = PBXFileReference; lastKnownFileType = sourcecode.swift; path = AuthenticateService.swift; sourceTree = "<group>"; };
		6C3899D123000C9A00344F0F /* AuthenticateViewModel.swift */ = {isa = PBXFileReference; lastKnownFileType = sourcecode.swift; path = AuthenticateViewModel.swift; sourceTree = "<group>"; };
		6C3A10A022F31BD6000EBC4B /* UserCell.swift */ = {isa = PBXFileReference; lastKnownFileType = sourcecode.swift; path = UserCell.swift; sourceTree = "<group>"; };
		6C3A10A422F31C8B000EBC4B /* Common.swift */ = {isa = PBXFileReference; lastKnownFileType = sourcecode.swift; path = Common.swift; sourceTree = "<group>"; };
		6C3A10A922F32BD5000EBC4B /* ScrollView+Loadmore.swift */ = {isa = PBXFileReference; fileEncoding = 4; lastKnownFileType = sourcecode.swift; path = "ScrollView+Loadmore.swift"; sourceTree = "<group>"; };
		6C3A10AD22F33077000EBC4B /* LoadmoreItem.swift */ = {isa = PBXFileReference; lastKnownFileType = sourcecode.swift; path = LoadmoreItem.swift; sourceTree = "<group>"; };
		6C4BA76122EB385900F3D792 /* UIColor+Extension.swift */ = {isa = PBXFileReference; lastKnownFileType = sourcecode.swift; path = "UIColor+Extension.swift"; sourceTree = "<group>"; };
		6C4BA76522EB391600F3D792 /* String+Extension.swift */ = {isa = PBXFileReference; lastKnownFileType = sourcecode.swift; path = "String+Extension.swift"; sourceTree = "<group>"; };
		6C4BA76A22EB398300F3D792 /* CommonEnum.swift */ = {isa = PBXFileReference; lastKnownFileType = sourcecode.swift; path = CommonEnum.swift; sourceTree = "<group>"; };
		6C4BA77322EB3DB600F3D792 /* NetworkUtils.swift */ = {isa = PBXFileReference; lastKnownFileType = sourcecode.swift; path = NetworkUtils.swift; sourceTree = "<group>"; };
		6C4BA77722EB3E3000F3D792 /* CustomError.swift */ = {isa = PBXFileReference; lastKnownFileType = sourcecode.swift; name = CustomError.swift; path = SwiftSourceBase/Model/CustomError.swift; sourceTree = SOURCE_ROOT; };
		6C4BA77C22EB4A9000F3D792 /* Server.swift */ = {isa = PBXFileReference; lastKnownFileType = sourcecode.swift; path = Server.swift; sourceTree = "<group>"; };
		6C4BA78322EB4CC600F3D792 /* UserModel.swift */ = {isa = PBXFileReference; lastKnownFileType = sourcecode.swift; path = UserModel.swift; sourceTree = "<group>"; };
		6C4BA78722EB4DD200F3D792 /* BaseRes.swift */ = {isa = PBXFileReference; lastKnownFileType = sourcecode.swift; path = BaseRes.swift; sourceTree = "<group>"; };
		6C4BA78B22EB564200F3D792 /* CreateUserRes.swift */ = {isa = PBXFileReference; lastKnownFileType = sourcecode.swift; path = CreateUserRes.swift; sourceTree = "<group>"; };
		6C4BA79022EB58A000F3D792 /* CreateUserReq.swift */ = {isa = PBXFileReference; lastKnownFileType = sourcecode.swift; path = CreateUserReq.swift; sourceTree = "<group>"; };
		6C505EBD22ED69B90005473C /* WindowPopup.swift */ = {isa = PBXFileReference; lastKnownFileType = sourcecode.swift; path = WindowPopup.swift; sourceTree = "<group>"; };
		6C505EC222ED6DBE0005473C /* LoadingVC.swift */ = {isa = PBXFileReference; lastKnownFileType = sourcecode.swift; path = LoadingVC.swift; sourceTree = "<group>"; };
		6C505EC322ED6DBE0005473C /* LoadingVC.xib */ = {isa = PBXFileReference; lastKnownFileType = file.xib; path = LoadingVC.xib; sourceTree = "<group>"; };
		6C505ECF22EDA1430005473C /* ListUserVC.swift */ = {isa = PBXFileReference; lastKnownFileType = sourcecode.swift; path = ListUserVC.swift; sourceTree = "<group>"; };
		6CE3038722E46E5900C3E77A /* SwiftSourceBase.app */ = {isa = PBXFileReference; explicitFileType = wrapper.application; includeInIndex = 0; path = SwiftSourceBase.app; sourceTree = BUILT_PRODUCTS_DIR; };
		6CE3038A22E46E5900C3E77A /* AppDelegate.swift */ = {isa = PBXFileReference; lastKnownFileType = sourcecode.swift; path = AppDelegate.swift; sourceTree = "<group>"; };
		6CE3038C22E46E5900C3E77A /* ViewController.swift */ = {isa = PBXFileReference; lastKnownFileType = sourcecode.swift; path = ViewController.swift; sourceTree = "<group>"; };
		6CE3038F22E46E5900C3E77A /* Base */ = {isa = PBXFileReference; lastKnownFileType = file.storyboard; name = Base; path = Base.lproj/Main.storyboard; sourceTree = "<group>"; };
		6CE3039122E46E5A00C3E77A /* Assets.xcassets */ = {isa = PBXFileReference; lastKnownFileType = folder.assetcatalog; path = Assets.xcassets; sourceTree = "<group>"; };
		6CE3039422E46E5A00C3E77A /* Base */ = {isa = PBXFileReference; lastKnownFileType = file.storyboard; name = Base; path = Base.lproj/LaunchScreen.storyboard; sourceTree = "<group>"; };
		6CE3039622E46E5A00C3E77A /* Info.plist */ = {isa = PBXFileReference; lastKnownFileType = text.plist.xml; path = Info.plist; sourceTree = "<group>"; };
		6CE3039B22E46E5A00C3E77A /* SwiftSourceBaseTests.xctest */ = {isa = PBXFileReference; explicitFileType = wrapper.cfbundle; includeInIndex = 0; path = SwiftSourceBaseTests.xctest; sourceTree = BUILT_PRODUCTS_DIR; };
		6CE3039F22E46E5A00C3E77A /* SwiftSourceBaseTests.swift */ = {isa = PBXFileReference; lastKnownFileType = sourcecode.swift; path = SwiftSourceBaseTests.swift; sourceTree = "<group>"; };
		6CE303A122E46E5A00C3E77A /* Info.plist */ = {isa = PBXFileReference; lastKnownFileType = text.plist.xml; path = Info.plist; sourceTree = "<group>"; };
		6CE303A622E46E5A00C3E77A /* SwiftSourceBaseUITests.xctest */ = {isa = PBXFileReference; explicitFileType = wrapper.cfbundle; includeInIndex = 0; path = SwiftSourceBaseUITests.xctest; sourceTree = BUILT_PRODUCTS_DIR; };
		6CE303AA22E46E5A00C3E77A /* SwiftSourceBaseUITests.swift */ = {isa = PBXFileReference; lastKnownFileType = sourcecode.swift; path = SwiftSourceBaseUITests.swift; sourceTree = "<group>"; };
		6CE303AC22E46E5A00C3E77A /* Info.plist */ = {isa = PBXFileReference; lastKnownFileType = text.plist.xml; path = Info.plist; sourceTree = "<group>"; };
		950369B022FA762E0056CAEA /* LoginReq.swift */ = {isa = PBXFileReference; lastKnownFileType = sourcecode.swift; path = LoginReq.swift; sourceTree = "<group>"; };
		950369B422FA7D070056CAEA /* LoginData.swift */ = {isa = PBXFileReference; lastKnownFileType = sourcecode.swift; path = LoginData.swift; sourceTree = "<group>"; };
		950369B922FA84F80056CAEA /* AlertVC.swift */ = {isa = PBXFileReference; lastKnownFileType = sourcecode.swift; path = AlertVC.swift; sourceTree = "<group>"; };
		950369BA22FA84F80056CAEA /* AlertVC.xib */ = {isa = PBXFileReference; lastKnownFileType = file.xib; path = AlertVC.xib; sourceTree = "<group>"; };
		950369C222FAB7700056CAEA /* UserDefaultTools.swift */ = {isa = PBXFileReference; lastKnownFileType = sourcecode.swift; path = UserDefaultTools.swift; sourceTree = "<group>"; };
		950369C622FAB9D50056CAEA /* SaveKey.swift */ = {isa = PBXFileReference; lastKnownFileType = sourcecode.swift; path = SaveKey.swift; sourceTree = "<group>"; };
		950369CA22FABEFD0056CAEA /* Dictionary+Extension.swift */ = {isa = PBXFileReference; lastKnownFileType = sourcecode.swift; path = "Dictionary+Extension.swift"; sourceTree = "<group>"; };
		9544AA4922E85FE80062270E /* en */ = {isa = PBXFileReference; lastKnownFileType = text.plist.strings; name = en; path = en.lproj/Localizable.strings; sourceTree = "<group>"; };
		9544AA4B22E860020062270E /* vi */ = {isa = PBXFileReference; lastKnownFileType = text.plist.strings; name = vi; path = vi.lproj/Localizable.strings; sourceTree = "<group>"; };
		95488CF722F937C4006AF9E0 /* UIView+Extension.swift */ = {isa = PBXFileReference; lastKnownFileType = sourcecode.swift; path = "UIView+Extension.swift"; sourceTree = "<group>"; };
		95488CFB22F93CBD006AF9E0 /* UIDevice+Extension.swift */ = {isa = PBXFileReference; lastKnownFileType = sourcecode.swift; path = "UIDevice+Extension.swift"; sourceTree = "<group>"; };
		95488CFF22F93E3B006AF9E0 /* UIImageView+Extension.swift */ = {isa = PBXFileReference; lastKnownFileType = sourcecode.swift; path = "UIImageView+Extension.swift"; sourceTree = "<group>"; };
		95488D0322F93EF0006AF9E0 /* UIButton+Extension.swift */ = {isa = PBXFileReference; lastKnownFileType = sourcecode.swift; path = "UIButton+Extension.swift"; sourceTree = "<group>"; };
		959E030022E6F91500FF53CE /* DevSwiftSourceBase.app */ = {isa = PBXFileReference; explicitFileType = wrapper.application; includeInIndex = 0; path = DevSwiftSourceBase.app; sourceTree = BUILT_PRODUCTS_DIR; };
		959E031122E6FC3C00FF53CE /* StgSwiftSourceBase.app */ = {isa = PBXFileReference; explicitFileType = wrapper.application; includeInIndex = 0; path = StgSwiftSourceBase.app; sourceTree = BUILT_PRODUCTS_DIR; };
		959E031322E706AB00FF53CE /* Dev-Info.plist */ = {isa = PBXFileReference; fileEncoding = 4; lastKnownFileType = text.plist.xml; path = "Dev-Info.plist"; sourceTree = "<group>"; };
		959E031522E706B300FF53CE /* Stg-Info.plist */ = {isa = PBXFileReference; fileEncoding = 4; lastKnownFileType = text.plist.xml; path = "Stg-Info.plist"; sourceTree = "<group>"; };
		959E031C22E70B6400FF53CE /* Logger.swift */ = {isa = PBXFileReference; lastKnownFileType = sourcecode.swift; path = Logger.swift; sourceTree = "<group>"; };
		95EB7DCB22EFFC48005D4181 /* Codable+Extension.swift */ = {isa = PBXFileReference; lastKnownFileType = sourcecode.swift; path = "Codable+Extension.swift"; sourceTree = "<group>"; };
		95EB7DD022F003D4005D4181 /* StoryboardName.swift */ = {isa = PBXFileReference; lastKnownFileType = sourcecode.swift; path = StoryboardName.swift; sourceTree = "<group>"; };
		95EB7DD622F004D4005D4181 /* UserStoryboard.storyboard */ = {isa = PBXFileReference; lastKnownFileType = file.storyboard; path = UserStoryboard.storyboard; sourceTree = "<group>"; };
		D3FCEBE35B6730500E87CFD6 /* Pods_SwiftSourceBase.framework */ = {isa = PBXFileReference; explicitFileType = wrapper.framework; includeInIndex = 0; path = Pods_SwiftSourceBase.framework; sourceTree = BUILT_PRODUCTS_DIR; };
		EB902C4516673CA0F93C5DF0 /* Pods-SwiftSourceBase.release.xcconfig */ = {isa = PBXFileReference; includeInIndex = 1; lastKnownFileType = text.xcconfig; name = "Pods-SwiftSourceBase.release.xcconfig"; path = "Target Support Files/Pods-SwiftSourceBase/Pods-SwiftSourceBase.release.xcconfig"; sourceTree = "<group>"; };
/* End PBXFileReference section */

/* Begin PBXFrameworksBuildPhase section */
		6CE3038422E46E5900C3E77A /* Frameworks */ = {
			isa = PBXFrameworksBuildPhase;
			buildActionMask = 2147483647;
			files = (
				F4F25B63C107B2D5F60430CD /* (null) in Frameworks */,
				67D64D47437E612253AE368F /* Pods_SwiftSourceBase.framework in Frameworks */,
			);
			runOnlyForDeploymentPostprocessing = 0;
		};
		6CE3039822E46E5A00C3E77A /* Frameworks */ = {
			isa = PBXFrameworksBuildPhase;
			buildActionMask = 2147483647;
			files = (
			);
			runOnlyForDeploymentPostprocessing = 0;
		};
		6CE303A322E46E5A00C3E77A /* Frameworks */ = {
			isa = PBXFrameworksBuildPhase;
			buildActionMask = 2147483647;
			files = (
			);
			runOnlyForDeploymentPostprocessing = 0;
		};
		959E02F622E6F91500FF53CE /* Frameworks */ = {
			isa = PBXFrameworksBuildPhase;
			buildActionMask = 2147483647;
			files = (
				7B19CE64BE46D11D54D10494 /* Pods_DevSwiftSourceBase.framework in Frameworks */,
			);
			runOnlyForDeploymentPostprocessing = 0;
		};
		959E030722E6FC3C00FF53CE /* Frameworks */ = {
			isa = PBXFrameworksBuildPhase;
			buildActionMask = 2147483647;
			files = (
				DD54BA39A763EFACE10705EF /* Pods_StgSwiftSourceBase.framework in Frameworks */,
			);
			runOnlyForDeploymentPostprocessing = 0;
		};
/* End PBXFrameworksBuildPhase section */

/* Begin PBXGroup section */
		3D06F04AF04725405CAD1B28 /* Frameworks */ = {
			isa = PBXGroup;
			children = (
				2A3C5021DA5F530B439F0C4C /* Pods_DevSwiftSourceBase.framework */,
				48B1F4793AF65C0AEC0DE925 /* Pods_StgSwiftSourceBase.framework */,
				D3FCEBE35B6730500E87CFD6 /* Pods_SwiftSourceBase.framework */,
			);
			name = Frameworks;
			sourceTree = "<group>";
		};
		6C374CD022EC7E38006D3068 /* Service */ = {
			isa = PBXGroup;
			children = (
				6C374CD122EC7E48006D3068 /* UserService.swift */,
				6C3899CD23000BA900344F0F /* AuthenticateService.swift */,
			);
			path = Service;
			sourceTree = "<group>";
		};
		6C374CD522EC809A006D3068 /* ViewModel */ = {
			isa = PBXGroup;
			children = (
				6C374CD622EC80AA006D3068 /* UserViewModel.swift */,
				6C3899D123000C9A00344F0F /* AuthenticateViewModel.swift */,
			);
			path = ViewModel;
			sourceTree = "<group>";
		};
		6C374CDA22EC8D82006D3068 /* Loading */ = {
			isa = PBXGroup;
			children = (
				6C505EC222ED6DBE0005473C /* LoadingVC.swift */,
				6C505EC322ED6DBE0005473C /* LoadingVC.xib */,
			);
			path = Loading;
			sourceTree = "<group>";
		};
		6C3899C8230008AA00344F0F /* Authenticate */ = {
			isa = PBXGroup;
			children = (
				6C3899C9230008BF00344F0F /* LoginVC.swift */,
			);
			path = Authenticate;
			sourceTree = "<group>";
		};
		6C3A109F22F31BBC000EBC4B /* User */ = {
			isa = PBXGroup;
			children = (
				6C505ECF22EDA1430005473C /* ListUserVC.swift */,
				6C3A10A022F31BD6000EBC4B /* UserCell.swift */,
			);
			path = User;
			sourceTree = "<group>";
		};
		6C3A10A822F32BA9000EBC4B /* ScrollLoadmore */ = {
			isa = PBXGroup;
			children = (
				6C3A10A922F32BD5000EBC4B /* ScrollView+Loadmore.swift */,
				6C3A10AD22F33077000EBC4B /* LoadmoreItem.swift */,
			);
			path = ScrollLoadmore;
			sourceTree = "<group>";
		};
		6C4BA76022EB1E2800F3D792 /* Extension */ = {
			isa = PBXGroup;
			children = (
				6C4BA76122EB385900F3D792 /* UIColor+Extension.swift */,
				6C4BA76522EB391600F3D792 /* String+Extension.swift */,
				95488CFB22F93CBD006AF9E0 /* UIDevice+Extension.swift */,
				95488CF722F937C4006AF9E0 /* UIView+Extension.swift */,
				95488D0322F93EF0006AF9E0 /* UIButton+Extension.swift */,
				95488CFF22F93E3B006AF9E0 /* UIImageView+Extension.swift */,
				950369CA22FABEFD0056CAEA /* Dictionary+Extension.swift */,
				95EB7DCB22EFFC48005D4181 /* Codable+Extension.swift */,
			);
			path = Extension;
			sourceTree = "<group>";
		};
		6C4BA76922EB396800F3D792 /* Common */ = {
			isa = PBXGroup;
			children = (
				6C4BA76A22EB398300F3D792 /* CommonEnum.swift */,
				6C3A10A422F31C8B000EBC4B /* Common.swift */,
			);
			path = Common;
			sourceTree = "<group>";
		};
		6C4BA76E22EB39CB00F3D792 /* Helper */ = {
			isa = PBXGroup;
			children = (
				950369C122FAB75C0056CAEA /* UserDefault */,
				950369B822FA84720056CAEA /* Alert */,
				6C3A10A822F32BA9000EBC4B /* ScrollLoadmore */,
				95EB7DCF22EFFCA0005D4181 /* StoryBoard */,
				6C505EC122ED6D750005473C /* WindowPopup */,
				6C374CDA22EC8D82006D3068 /* Loading */,
				959E031B22E70B4800FF53CE /* Logger */,
			);
			path = Helper;
			sourceTree = "<group>";
		};
		6C4BA77B22EB493B00F3D792 /* Network */ = {
			isa = PBXGroup;
			children = (
				6C4BA77322EB3DB600F3D792 /* NetworkUtils.swift */,
				6C374CC822EC4406006D3068 /* Request.swift */,
				6C374CCC22EC4DED006D3068 /* BaseRxNetwork.swift */,
				6C4BA77C22EB4A9000F3D792 /* Server.swift */,
			);
			path = Network;
			sourceTree = "<group>";
		};
		6C4BA78022EB4BCD00F3D792 /* ViewController */ = {
			isa = PBXGroup;
			children = (
				6C3899C8230008AA00344F0F /* Authenticate */,
				6C3A109F22F31BBC000EBC4B /* User */,
				6CE3038C22E46E5900C3E77A /* ViewController.swift */,
			);
			path = ViewController;
			sourceTree = "<group>";
		};
		6C4BA78122EB4C3200F3D792 /* Model */ = {
			isa = PBXGroup;
			children = (
				6C505ECE22ED9BD10005473C /* Object */,
				6C4BA78F22EB589400F3D792 /* Request */,
				6C4BA78222EB4C7E00F3D792 /* Response */,
				6C4BA77722EB3E3000F3D792 /* CustomError.swift */,
			);
			path = Model;
			sourceTree = "<group>";
		};
		6C4BA78222EB4C7E00F3D792 /* Response */ = {
			isa = PBXGroup;
			children = (
				6C4BA78B22EB564200F3D792 /* CreateUserRes.swift */,
				6C4BA78722EB4DD200F3D792 /* BaseRes.swift */,
				950369B422FA7D070056CAEA /* LoginData.swift */,
			);
			path = Response;
			sourceTree = "<group>";
		};
		6C4BA78F22EB589400F3D792 /* Request */ = {
			isa = PBXGroup;
			children = (
				6C4BA79022EB58A000F3D792 /* CreateUserReq.swift */,
				950369B022FA762E0056CAEA /* LoginReq.swift */,
			);
			path = Request;
			sourceTree = "<group>";
		};
		6C505EC122ED6D750005473C /* WindowPopup */ = {
			isa = PBXGroup;
			children = (
				6C505EBD22ED69B90005473C /* WindowPopup.swift */,
			);
			path = WindowPopup;
			sourceTree = "<group>";
		};
		6C505ECE22ED9BD10005473C /* Object */ = {
			isa = PBXGroup;
			children = (
				6C4BA78322EB4CC600F3D792 /* UserModel.swift */,
			);
			path = Object;
			sourceTree = "<group>";
		};
		6CE3037E22E46E5900C3E77A = {
			isa = PBXGroup;
			children = (
				6CE3038922E46E5900C3E77A /* SwiftSourceBase */,
				6CE3039E22E46E5A00C3E77A /* SwiftSourceBaseTests */,
				6CE303A922E46E5A00C3E77A /* SwiftSourceBaseUITests */,
				6CE3038822E46E5900C3E77A /* Products */,
				91EEFA5CF6EB4D439BE18E8E /* Pods */,
				3D06F04AF04725405CAD1B28 /* Frameworks */,
			);
			sourceTree = "<group>";
		};
		6CE3038822E46E5900C3E77A /* Products */ = {
			isa = PBXGroup;
			children = (
				6CE3038722E46E5900C3E77A /* SwiftSourceBase.app */,
				6CE3039B22E46E5A00C3E77A /* SwiftSourceBaseTests.xctest */,
				6CE303A622E46E5A00C3E77A /* SwiftSourceBaseUITests.xctest */,
				959E030022E6F91500FF53CE /* DevSwiftSourceBase.app */,
				959E031122E6FC3C00FF53CE /* StgSwiftSourceBase.app */,
			);
			name = Products;
			sourceTree = "<group>";
		};
		6CE3038922E46E5900C3E77A /* SwiftSourceBase */ = {
			isa = PBXGroup;
			children = (
				95EB7DD422F004B4005D4181 /* View */,
				6C374CD522EC809A006D3068 /* ViewModel */,
				6C374CD022EC7E38006D3068 /* Service */,
				6C4BA78122EB4C3200F3D792 /* Model */,
				6C4BA78022EB4BCD00F3D792 /* ViewController */,
				9544AA4122E85DD80062270E /* Resources */,
				959E031A22E70B2500FF53CE /* Utils */,
				6CE3038A22E46E5900C3E77A /* AppDelegate.swift */,
				6CE3039322E46E5A00C3E77A /* LaunchScreen.storyboard */,
			);
			path = SwiftSourceBase;
			sourceTree = "<group>";
		};
		6CE3039E22E46E5A00C3E77A /* SwiftSourceBaseTests */ = {
			isa = PBXGroup;
			children = (
				6CE3039F22E46E5A00C3E77A /* SwiftSourceBaseTests.swift */,
				6CE303A122E46E5A00C3E77A /* Info.plist */,
			);
			path = SwiftSourceBaseTests;
			sourceTree = "<group>";
		};
		6CE303A922E46E5A00C3E77A /* SwiftSourceBaseUITests */ = {
			isa = PBXGroup;
			children = (
				6CE303AA22E46E5A00C3E77A /* SwiftSourceBaseUITests.swift */,
				6CE303AC22E46E5A00C3E77A /* Info.plist */,
			);
			path = SwiftSourceBaseUITests;
			sourceTree = "<group>";
		};
		91EEFA5CF6EB4D439BE18E8E /* Pods */ = {
			isa = PBXGroup;
			children = (
				59E06673744DC2C31C2B226F /* Pods-SwiftSourceBase.debug.xcconfig */,
				EB902C4516673CA0F93C5DF0 /* Pods-SwiftSourceBase.release.xcconfig */,
				126F37B8FB3CDCAA8BDE962F /* Pods-DevSwiftSourceBase.debug.xcconfig */,
				3F321BA401264CBD67A6E55D /* Pods-DevSwiftSourceBase.release.xcconfig */,
				2BDDD8777F8D38561CB36F82 /* Pods-StgSwiftSourceBase.debug.xcconfig */,
				07B01148B732273F108B44C4 /* Pods-StgSwiftSourceBase.release.xcconfig */,
			);
			path = Pods;
			sourceTree = "<group>";
		};
		950369B822FA84720056CAEA /* Alert */ = {
			isa = PBXGroup;
			children = (
				950369B922FA84F80056CAEA /* AlertVC.swift */,
				950369BA22FA84F80056CAEA /* AlertVC.xib */,
			);
			path = Alert;
			sourceTree = "<group>";
		};
		950369C122FAB75C0056CAEA /* UserDefault */ = {
			isa = PBXGroup;
			children = (
				950369C222FAB7700056CAEA /* UserDefaultTools.swift */,
				950369C622FAB9D50056CAEA /* SaveKey.swift */,
			);
			path = UserDefault;
			sourceTree = "<group>";
		};
		9544AA4122E85DD80062270E /* Resources */ = {
			isa = PBXGroup;
			children = (
				6CE3039622E46E5A00C3E77A /* Info.plist */,
				959E031522E706B300FF53CE /* Stg-Info.plist */,
				959E031322E706AB00FF53CE /* Dev-Info.plist */,
				6CE3039122E46E5A00C3E77A /* Assets.xcassets */,
				9544AA4A22E85FE80062270E /* Localizable.strings */,
			);
			path = Resources;
			sourceTree = "<group>";
		};
		959E031A22E70B2500FF53CE /* Utils */ = {
			isa = PBXGroup;
			children = (
				6C4BA77B22EB493B00F3D792 /* Network */,
				6C4BA76E22EB39CB00F3D792 /* Helper */,
				6C4BA76922EB396800F3D792 /* Common */,
				6C4BA76022EB1E2800F3D792 /* Extension */,
			);
			path = Utils;
			sourceTree = "<group>";
		};
		959E031B22E70B4800FF53CE /* Logger */ = {
			isa = PBXGroup;
			children = (
				959E031C22E70B6400FF53CE /* Logger.swift */,
			);
			path = Logger;
			sourceTree = "<group>";
		};
		95EB7DCF22EFFCA0005D4181 /* StoryBoard */ = {
			isa = PBXGroup;
			children = (
				95EB7DD022F003D4005D4181 /* StoryboardName.swift */,
			);
			path = StoryBoard;
			sourceTree = "<group>";
		};
		95EB7DD422F004B4005D4181 /* View */ = {
			isa = PBXGroup;
			children = (
				95EB7DD522F004BA005D4181 /* Storyboard */,
			);
			path = View;
			sourceTree = "<group>";
		};
		95EB7DD522F004BA005D4181 /* Storyboard */ = {
			isa = PBXGroup;
			children = (
				95EB7DD622F004D4005D4181 /* UserStoryboard.storyboard */,
				6C3899C42300084200344F0F /* Authenticate.storyboard */,
				6CE3038E22E46E5900C3E77A /* Main.storyboard */,
			);
			path = Storyboard;
			sourceTree = "<group>";
		};
/* End PBXGroup section */

/* Begin PBXNativeTarget section */
		6CE3038622E46E5900C3E77A /* SwiftSourceBase */ = {
			isa = PBXNativeTarget;
			buildConfigurationList = 6CE303AF22E46E5A00C3E77A /* Build configuration list for PBXNativeTarget "SwiftSourceBase" */;
			buildPhases = (
				E9A62161B2A0CE2104F3FF98 /* [CP] Check Pods Manifest.lock */,
				6CE3038322E46E5900C3E77A /* Sources */,
				6CE3038422E46E5900C3E77A /* Frameworks */,
				6CE3038522E46E5900C3E77A /* Resources */,
				123E7BCB9F30C354274C0C08 /* [CP] Embed Pods Frameworks */,
				6CBE963A22F5D5A200BD362A /* SwiftLint */,
				2BB182673794BD6853FEAE1E /* [CP] Copy Pods Resources */,
			);
			buildRules = (
			);
			dependencies = (
			);
			name = SwiftSourceBase;
			productName = SwiftSourceBase;
			productReference = 6CE3038722E46E5900C3E77A /* SwiftSourceBase.app */;
			productType = "com.apple.product-type.application";
		};
		6CE3039A22E46E5A00C3E77A /* SwiftSourceBaseTests */ = {
			isa = PBXNativeTarget;
			buildConfigurationList = 6CE303B222E46E5A00C3E77A /* Build configuration list for PBXNativeTarget "SwiftSourceBaseTests" */;
			buildPhases = (
				6CE3039722E46E5A00C3E77A /* Sources */,
				6CE3039822E46E5A00C3E77A /* Frameworks */,
				6CE3039922E46E5A00C3E77A /* Resources */,
			);
			buildRules = (
			);
			dependencies = (
				6CE3039D22E46E5A00C3E77A /* PBXTargetDependency */,
			);
			name = SwiftSourceBaseTests;
			productName = SwiftSourceBaseTests;
			productReference = 6CE3039B22E46E5A00C3E77A /* SwiftSourceBaseTests.xctest */;
			productType = "com.apple.product-type.bundle.unit-test";
		};
		6CE303A522E46E5A00C3E77A /* SwiftSourceBaseUITests */ = {
			isa = PBXNativeTarget;
			buildConfigurationList = 6CE303B522E46E5A00C3E77A /* Build configuration list for PBXNativeTarget "SwiftSourceBaseUITests" */;
			buildPhases = (
				6CE303A222E46E5A00C3E77A /* Sources */,
				6CE303A322E46E5A00C3E77A /* Frameworks */,
				6CE303A422E46E5A00C3E77A /* Resources */,
			);
			buildRules = (
			);
			dependencies = (
				6CE303A822E46E5A00C3E77A /* PBXTargetDependency */,
			);
			name = SwiftSourceBaseUITests;
			productName = SwiftSourceBaseUITests;
			productReference = 6CE303A622E46E5A00C3E77A /* SwiftSourceBaseUITests.xctest */;
			productType = "com.apple.product-type.bundle.ui-testing";
		};
		959E02F122E6F91500FF53CE /* DevSwiftSourceBase */ = {
			isa = PBXNativeTarget;
			buildConfigurationList = 959E02FD22E6F91500FF53CE /* Build configuration list for PBXNativeTarget "DevSwiftSourceBase" */;
			buildPhases = (
				959E02F222E6F91500FF53CE /* [CP] Check Pods Manifest.lock */,
				959E02F322E6F91500FF53CE /* Sources */,
				959E02F622E6F91500FF53CE /* Frameworks */,
				959E02F822E6F91500FF53CE /* Resources */,
				959E02FC22E6F91500FF53CE /* [CP] Embed Pods Frameworks */,
				6C7126F822F48C6D00ED98B4 /* SwiftLint */,
				7D17F26DFCBBE7C893E1BF8D /* [CP] Copy Pods Resources */,
			);
			buildRules = (
			);
			dependencies = (
			);
			name = DevSwiftSourceBase;
			productName = SwiftSourceBase;
			productReference = 959E030022E6F91500FF53CE /* DevSwiftSourceBase.app */;
			productType = "com.apple.product-type.application";
		};
		959E030222E6FC3C00FF53CE /* StgSwiftSourceBase */ = {
			isa = PBXNativeTarget;
			buildConfigurationList = 959E030E22E6FC3C00FF53CE /* Build configuration list for PBXNativeTarget "StgSwiftSourceBase" */;
			buildPhases = (
				959E030322E6FC3C00FF53CE /* [CP] Check Pods Manifest.lock */,
				959E030422E6FC3C00FF53CE /* Sources */,
				959E030722E6FC3C00FF53CE /* Frameworks */,
				959E030922E6FC3C00FF53CE /* Resources */,
				959E030D22E6FC3C00FF53CE /* [CP] Embed Pods Frameworks */,
				6CBE963922F5D59400BD362A /* SwiftLint */,
				1EDC97099DF57C2369CFF508 /* [CP] Copy Pods Resources */,
			);
			buildRules = (
			);
			dependencies = (
			);
			name = StgSwiftSourceBase;
			productName = SwiftSourceBase;
			productReference = 959E031122E6FC3C00FF53CE /* StgSwiftSourceBase.app */;
			productType = "com.apple.product-type.application";
		};
/* End PBXNativeTarget section */

/* Begin PBXProject section */
		6CE3037F22E46E5900C3E77A /* Project object */ = {
			isa = PBXProject;
			attributes = {
				LastSwiftUpdateCheck = 1010;
				LastUpgradeCheck = 1020;
				ORGANIZATIONNAME = "Anh Bui";
				TargetAttributes = {
					6CE3038622E46E5900C3E77A = {
						CreatedOnToolsVersion = 10.1;
					};
					6CE3039A22E46E5A00C3E77A = {
						CreatedOnToolsVersion = 10.1;
						LastSwiftMigration = 1020;
						TestTargetID = 6CE3038622E46E5900C3E77A;
					};
					6CE303A522E46E5A00C3E77A = {
						CreatedOnToolsVersion = 10.1;
						LastSwiftMigration = 1020;
						TestTargetID = 6CE3038622E46E5900C3E77A;
					};
				};
			};
			buildConfigurationList = 6CE3038222E46E5900C3E77A /* Build configuration list for PBXProject "SwiftSourceBase" */;
			compatibilityVersion = "Xcode 9.3";
			developmentRegion = en;
			hasScannedForEncodings = 0;
			knownRegions = (
				en,
				Base,
				vi,
			);
			mainGroup = 6CE3037E22E46E5900C3E77A;
			productRefGroup = 6CE3038822E46E5900C3E77A /* Products */;
			projectDirPath = "";
			projectRoot = "";
			targets = (
				959E02F122E6F91500FF53CE /* DevSwiftSourceBase */,
				959E030222E6FC3C00FF53CE /* StgSwiftSourceBase */,
				6CE3038622E46E5900C3E77A /* SwiftSourceBase */,
				6CE3039A22E46E5A00C3E77A /* SwiftSourceBaseTests */,
				6CE303A522E46E5A00C3E77A /* SwiftSourceBaseUITests */,
			);
		};
/* End PBXProject section */

/* Begin PBXResourcesBuildPhase section */
		6CE3038522E46E5900C3E77A /* Resources */ = {
			isa = PBXResourcesBuildPhase;
			buildActionMask = 2147483647;
			files = (
				95EB7DD922F004D4005D4181 /* UserStoryboard.storyboard in Resources */,
				6C505EC922ED6DBE0005473C /* LoadingVC.xib in Resources */,
				6CE3039522E46E5A00C3E77A /* LaunchScreen.storyboard in Resources */,
				9544AA4822E85FE80062270E /* Localizable.strings in Resources */,
				6CE3039222E46E5A00C3E77A /* Assets.xcassets in Resources */,
				6C3899C72300084200344F0F /* Authenticate.storyboard in Resources */,
				6CE3039022E46E5900C3E77A /* Main.storyboard in Resources */,
				950369C022FA84F80056CAEA /* AlertVC.xib in Resources */,
			);
			runOnlyForDeploymentPostprocessing = 0;
		};
		6CE3039922E46E5A00C3E77A /* Resources */ = {
			isa = PBXResourcesBuildPhase;
			buildActionMask = 2147483647;
			files = (
			);
			runOnlyForDeploymentPostprocessing = 0;
		};
		6CE303A422E46E5A00C3E77A /* Resources */ = {
			isa = PBXResourcesBuildPhase;
			buildActionMask = 2147483647;
			files = (
			);
			runOnlyForDeploymentPostprocessing = 0;
		};
		959E02F822E6F91500FF53CE /* Resources */ = {
			isa = PBXResourcesBuildPhase;
			buildActionMask = 2147483647;
			files = (
				95EB7DD722F004D4005D4181 /* UserStoryboard.storyboard in Resources */,
				6C505EC722ED6DBE0005473C /* LoadingVC.xib in Resources */,
				9544AA4622E85FE80062270E /* Localizable.strings in Resources */,
				959E02F922E6F91500FF53CE /* LaunchScreen.storyboard in Resources */,
				959E02FA22E6F91500FF53CE /* Assets.xcassets in Resources */,
				6C3899C52300084200344F0F /* Authenticate.storyboard in Resources */,
				959E02FB22E6F91500FF53CE /* Main.storyboard in Resources */,
				950369BE22FA84F80056CAEA /* AlertVC.xib in Resources */,
			);
			runOnlyForDeploymentPostprocessing = 0;
		};
		959E030922E6FC3C00FF53CE /* Resources */ = {
			isa = PBXResourcesBuildPhase;
			buildActionMask = 2147483647;
			files = (
				95EB7DD822F004D4005D4181 /* UserStoryboard.storyboard in Resources */,
				6C505EC822ED6DBE0005473C /* LoadingVC.xib in Resources */,
				9544AA4722E85FE80062270E /* Localizable.strings in Resources */,
				959E030A22E6FC3C00FF53CE /* LaunchScreen.storyboard in Resources */,
				959E030B22E6FC3C00FF53CE /* Assets.xcassets in Resources */,
				6C3899C62300084200344F0F /* Authenticate.storyboard in Resources */,
				959E030C22E6FC3C00FF53CE /* Main.storyboard in Resources */,
				950369BF22FA84F80056CAEA /* AlertVC.xib in Resources */,
			);
			runOnlyForDeploymentPostprocessing = 0;
		};
/* End PBXResourcesBuildPhase section */

/* Begin PBXShellScriptBuildPhase section */
		123E7BCB9F30C354274C0C08 /* [CP] Embed Pods Frameworks */ = {
			isa = PBXShellScriptBuildPhase;
			buildActionMask = 2147483647;
			files = (
			);
			inputFileListPaths = (
				"${PODS_ROOT}/Target Support Files/Pods-SwiftSourceBase/Pods-SwiftSourceBase-frameworks-${CONFIGURATION}-input-files.xcfilelist",
			);
			name = "[CP] Embed Pods Frameworks";
			outputFileListPaths = (
				"${PODS_ROOT}/Target Support Files/Pods-SwiftSourceBase/Pods-SwiftSourceBase-frameworks-${CONFIGURATION}-output-files.xcfilelist",
			);
			runOnlyForDeploymentPostprocessing = 0;
			shellPath = /bin/sh;
			shellScript = "\"${PODS_ROOT}/Target Support Files/Pods-SwiftSourceBase/Pods-SwiftSourceBase-frameworks.sh\"\n";
			showEnvVarsInLog = 0;
		};
		1EDC97099DF57C2369CFF508 /* [CP] Copy Pods Resources */ = {
			isa = PBXShellScriptBuildPhase;
			buildActionMask = 2147483647;
			files = (
			);
			inputFileListPaths = (
				"${PODS_ROOT}/Target Support Files/Pods-StgSwiftSourceBase/Pods-StgSwiftSourceBase-resources-${CONFIGURATION}-input-files.xcfilelist",
			);
			name = "[CP] Copy Pods Resources";
			outputFileListPaths = (
				"${PODS_ROOT}/Target Support Files/Pods-StgSwiftSourceBase/Pods-StgSwiftSourceBase-resources-${CONFIGURATION}-output-files.xcfilelist",
			);
			runOnlyForDeploymentPostprocessing = 0;
			shellPath = /bin/sh;
			shellScript = "\"${PODS_ROOT}/Target Support Files/Pods-StgSwiftSourceBase/Pods-StgSwiftSourceBase-resources.sh\"\n";
			showEnvVarsInLog = 0;
		};
		2BB182673794BD6853FEAE1E /* [CP] Copy Pods Resources */ = {
			isa = PBXShellScriptBuildPhase;
			buildActionMask = 2147483647;
			files = (
			);
			inputFileListPaths = (
				"${PODS_ROOT}/Target Support Files/Pods-SwiftSourceBase/Pods-SwiftSourceBase-resources-${CONFIGURATION}-input-files.xcfilelist",
			);
			name = "[CP] Copy Pods Resources";
			outputFileListPaths = (
				"${PODS_ROOT}/Target Support Files/Pods-SwiftSourceBase/Pods-SwiftSourceBase-resources-${CONFIGURATION}-output-files.xcfilelist",
			);
			runOnlyForDeploymentPostprocessing = 0;
			shellPath = /bin/sh;
			shellScript = "\"${PODS_ROOT}/Target Support Files/Pods-SwiftSourceBase/Pods-SwiftSourceBase-resources.sh\"\n";
			showEnvVarsInLog = 0;
		};
		6C7126F822F48C6D00ED98B4 /* SwiftLint */ = {
			isa = PBXShellScriptBuildPhase;
			buildActionMask = 2147483647;
			files = (
			);
			inputFileListPaths = (
			);
			inputPaths = (
			);
			name = SwiftLint;
			outputFileListPaths = (
			);
			outputPaths = (
			);
			runOnlyForDeploymentPostprocessing = 0;
			shellPath = /bin/sh;
			shellScript = "\"${PODS_ROOT}/SwiftLint/swiftlint\"\n";
		};
		6CBE963922F5D59400BD362A /* SwiftLint */ = {
			isa = PBXShellScriptBuildPhase;
			buildActionMask = 2147483647;
			files = (
			);
			inputFileListPaths = (
			);
			inputPaths = (
			);
			name = SwiftLint;
			outputFileListPaths = (
			);
			outputPaths = (
			);
			runOnlyForDeploymentPostprocessing = 0;
			shellPath = /bin/sh;
			shellScript = "\"${PODS_ROOT}/SwiftLint/swiftlint\"\n";
		};
		6CBE963A22F5D5A200BD362A /* SwiftLint */ = {
			isa = PBXShellScriptBuildPhase;
			buildActionMask = 2147483647;
			files = (
			);
			inputFileListPaths = (
			);
			inputPaths = (
			);
			name = SwiftLint;
			outputFileListPaths = (
			);
			outputPaths = (
			);
			runOnlyForDeploymentPostprocessing = 0;
			shellPath = /bin/sh;
			shellScript = "\"${PODS_ROOT}/SwiftLint/swiftlint\"\n";
		};
		7D17F26DFCBBE7C893E1BF8D /* [CP] Copy Pods Resources */ = {
			isa = PBXShellScriptBuildPhase;
			buildActionMask = 2147483647;
			files = (
			);
			inputFileListPaths = (
				"${PODS_ROOT}/Target Support Files/Pods-DevSwiftSourceBase/Pods-DevSwiftSourceBase-resources-${CONFIGURATION}-input-files.xcfilelist",
			);
			name = "[CP] Copy Pods Resources";
			outputFileListPaths = (
				"${PODS_ROOT}/Target Support Files/Pods-DevSwiftSourceBase/Pods-DevSwiftSourceBase-resources-${CONFIGURATION}-output-files.xcfilelist",
			);
			runOnlyForDeploymentPostprocessing = 0;
			shellPath = /bin/sh;
			shellScript = "\"${PODS_ROOT}/Target Support Files/Pods-DevSwiftSourceBase/Pods-DevSwiftSourceBase-resources.sh\"\n";
			showEnvVarsInLog = 0;
		};
		959E02F222E6F91500FF53CE /* [CP] Check Pods Manifest.lock */ = {
			isa = PBXShellScriptBuildPhase;
			buildActionMask = 2147483647;
			files = (
			);
			inputFileListPaths = (
			);
			inputPaths = (
				"${PODS_PODFILE_DIR_PATH}/Podfile.lock",
				"${PODS_ROOT}/Manifest.lock",
			);
			name = "[CP] Check Pods Manifest.lock";
			outputFileListPaths = (
			);
			outputPaths = (
				"$(DERIVED_FILE_DIR)/Pods-DevSwiftSourceBase-checkManifestLockResult.txt",
			);
			runOnlyForDeploymentPostprocessing = 0;
			shellPath = /bin/sh;
			shellScript = "diff \"${PODS_PODFILE_DIR_PATH}/Podfile.lock\" \"${PODS_ROOT}/Manifest.lock\" > /dev/null\nif [ $? != 0 ] ; then\n    # print error to STDERR\n    echo \"error: The sandbox is not in sync with the Podfile.lock. Run 'pod install' or update your CocoaPods installation.\" >&2\n    exit 1\nfi\n# This output is used by Xcode 'outputs' to avoid re-running this script phase.\necho \"SUCCESS\" > \"${SCRIPT_OUTPUT_FILE_0}\"\n";
			showEnvVarsInLog = 0;
		};
		959E02FC22E6F91500FF53CE /* [CP] Embed Pods Frameworks */ = {
			isa = PBXShellScriptBuildPhase;
			buildActionMask = 2147483647;
			files = (
			);
			inputFileListPaths = (
				"${PODS_ROOT}/Target Support Files/Pods-DevSwiftSourceBase/Pods-DevSwiftSourceBase-frameworks-${CONFIGURATION}-input-files.xcfilelist",
			);
			name = "[CP] Embed Pods Frameworks";
			outputFileListPaths = (
				"${PODS_ROOT}/Target Support Files/Pods-DevSwiftSourceBase/Pods-DevSwiftSourceBase-frameworks-${CONFIGURATION}-output-files.xcfilelist",
			);
			runOnlyForDeploymentPostprocessing = 0;
			shellPath = /bin/sh;
			shellScript = "\"${PODS_ROOT}/Target Support Files/Pods-DevSwiftSourceBase/Pods-DevSwiftSourceBase-frameworks.sh\"\n";
			showEnvVarsInLog = 0;
		};
		959E030322E6FC3C00FF53CE /* [CP] Check Pods Manifest.lock */ = {
			isa = PBXShellScriptBuildPhase;
			buildActionMask = 2147483647;
			files = (
			);
			inputFileListPaths = (
			);
			inputPaths = (
				"${PODS_PODFILE_DIR_PATH}/Podfile.lock",
				"${PODS_ROOT}/Manifest.lock",
			);
			name = "[CP] Check Pods Manifest.lock";
			outputFileListPaths = (
			);
			outputPaths = (
				"$(DERIVED_FILE_DIR)/Pods-StgSwiftSourceBase-checkManifestLockResult.txt",
			);
			runOnlyForDeploymentPostprocessing = 0;
			shellPath = /bin/sh;
			shellScript = "diff \"${PODS_PODFILE_DIR_PATH}/Podfile.lock\" \"${PODS_ROOT}/Manifest.lock\" > /dev/null\nif [ $? != 0 ] ; then\n    # print error to STDERR\n    echo \"error: The sandbox is not in sync with the Podfile.lock. Run 'pod install' or update your CocoaPods installation.\" >&2\n    exit 1\nfi\n# This output is used by Xcode 'outputs' to avoid re-running this script phase.\necho \"SUCCESS\" > \"${SCRIPT_OUTPUT_FILE_0}\"\n";
			showEnvVarsInLog = 0;
		};
		959E030D22E6FC3C00FF53CE /* [CP] Embed Pods Frameworks */ = {
			isa = PBXShellScriptBuildPhase;
			buildActionMask = 2147483647;
			files = (
			);
			inputFileListPaths = (
				"${PODS_ROOT}/Target Support Files/Pods-StgSwiftSourceBase/Pods-StgSwiftSourceBase-frameworks-${CONFIGURATION}-input-files.xcfilelist",
			);
			name = "[CP] Embed Pods Frameworks";
			outputFileListPaths = (
				"${PODS_ROOT}/Target Support Files/Pods-StgSwiftSourceBase/Pods-StgSwiftSourceBase-frameworks-${CONFIGURATION}-output-files.xcfilelist",
			);
			runOnlyForDeploymentPostprocessing = 0;
			shellPath = /bin/sh;
			shellScript = "\"${PODS_ROOT}/Target Support Files/Pods-StgSwiftSourceBase/Pods-StgSwiftSourceBase-frameworks.sh\"\n";
			showEnvVarsInLog = 0;
		};
		E9A62161B2A0CE2104F3FF98 /* [CP] Check Pods Manifest.lock */ = {
			isa = PBXShellScriptBuildPhase;
			buildActionMask = 2147483647;
			files = (
			);
			inputFileListPaths = (
			);
			inputPaths = (
				"${PODS_PODFILE_DIR_PATH}/Podfile.lock",
				"${PODS_ROOT}/Manifest.lock",
			);
			name = "[CP] Check Pods Manifest.lock";
			outputFileListPaths = (
			);
			outputPaths = (
				"$(DERIVED_FILE_DIR)/Pods-SwiftSourceBase-checkManifestLockResult.txt",
			);
			runOnlyForDeploymentPostprocessing = 0;
			shellPath = /bin/sh;
			shellScript = "diff \"${PODS_PODFILE_DIR_PATH}/Podfile.lock\" \"${PODS_ROOT}/Manifest.lock\" > /dev/null\nif [ $? != 0 ] ; then\n    # print error to STDERR\n    echo \"error: The sandbox is not in sync with the Podfile.lock. Run 'pod install' or update your CocoaPods installation.\" >&2\n    exit 1\nfi\n# This output is used by Xcode 'outputs' to avoid re-running this script phase.\necho \"SUCCESS\" > \"${SCRIPT_OUTPUT_FILE_0}\"\n";
			showEnvVarsInLog = 0;
		};
/* End PBXShellScriptBuildPhase section */

/* Begin PBXSourcesBuildPhase section */
		6CE3038322E46E5900C3E77A /* Sources */ = {
			isa = PBXSourcesBuildPhase;
			buildActionMask = 2147483647;
			files = (
				95EB7DCE22EFFC48005D4181 /* Codable+Extension.swift in Sources */,
				95488CFE22F93CBD006AF9E0 /* UIDevice+Extension.swift in Sources */,
				950369C522FAB7700056CAEA /* UserDefaultTools.swift in Sources */,
				95EB7DD322F003D4005D4181 /* StoryboardName.swift in Sources */,
				6C4BA77F22EB4A9000F3D792 /* Server.swift in Sources */,
				6C505EC022ED69B90005473C /* WindowPopup.swift in Sources */,
				6C4BA77622EB3DB600F3D792 /* NetworkUtils.swift in Sources */,
				6C374CCF22EC4DED006D3068 /* BaseRxNetwork.swift in Sources */,
				6C4BA76422EB385900F3D792 /* UIColor+Extension.swift in Sources */,
				6C4BA78A22EB4DD200F3D792 /* BaseRes.swift in Sources */,
				6C4BA78E22EB564200F3D792 /* CreateUserRes.swift in Sources */,
				6C505ED222EDA1430005473C /* ListUserVC.swift in Sources */,
				6C374CD422EC7E48006D3068 /* UserService.swift in Sources */,
				6C3899D423000C9A00344F0F /* AuthenticateViewModel.swift in Sources */,
				6C3A10A322F31BD6000EBC4B /* UserCell.swift in Sources */,
				950369B322FA762E0056CAEA /* LoginReq.swift in Sources */,
				95488CFA22F937C4006AF9E0 /* UIView+Extension.swift in Sources */,
				95488D0222F93E3B006AF9E0 /* UIImageView+Extension.swift in Sources */,
				6C374CD922EC80AA006D3068 /* UserViewModel.swift in Sources */,
				6C505EC622ED6DBE0005473C /* LoadingVC.swift in Sources */,
				950369BD22FA84F80056CAEA /* AlertVC.swift in Sources */,
				6C4BA76D22EB398300F3D792 /* CommonEnum.swift in Sources */,
				6CE3038D22E46E5900C3E77A /* ViewController.swift in Sources */,
				950369C922FAB9D50056CAEA /* SaveKey.swift in Sources */,
				6C3899CC230008BF00344F0F /* LoginVC.swift in Sources */,
				950369CD22FABEFD0056CAEA /* Dictionary+Extension.swift in Sources */,
				6C3A10A722F31C8B000EBC4B /* Common.swift in Sources */,
				6C374CCB22EC4406006D3068 /* Request.swift in Sources */,
				6C4BA79322EB58A000F3D792 /* CreateUserReq.swift in Sources */,
				959E031F22E70B6400FF53CE /* Logger.swift in Sources */,
				95488D0622F93EF0006AF9E0 /* UIButton+Extension.swift in Sources */,
				6C4BA77A22EB3E3000F3D792 /* CustomError.swift in Sources */,
				6C4BA76822EB391600F3D792 /* String+Extension.swift in Sources */,
				6CE3038B22E46E5900C3E77A /* AppDelegate.swift in Sources */,
				6C3A10AC22F32BD5000EBC4B /* ScrollView+Loadmore.swift in Sources */,
				950369B722FA7D070056CAEA /* LoginData.swift in Sources */,
				6C4BA78622EB4CC600F3D792 /* UserModel.swift in Sources */,
				6C3899D023000BA900344F0F /* AuthenticateService.swift in Sources */,
				6C3A10B022F33077000EBC4B /* LoadmoreItem.swift in Sources */,
			);
			runOnlyForDeploymentPostprocessing = 0;
		};
		6CE3039722E46E5A00C3E77A /* Sources */ = {
			isa = PBXSourcesBuildPhase;
			buildActionMask = 2147483647;
			files = (
				6CE303A022E46E5A00C3E77A /* SwiftSourceBaseTests.swift in Sources */,
			);
			runOnlyForDeploymentPostprocessing = 0;
		};
		6CE303A222E46E5A00C3E77A /* Sources */ = {
			isa = PBXSourcesBuildPhase;
			buildActionMask = 2147483647;
			files = (
				6CE303AB22E46E5A00C3E77A /* SwiftSourceBaseUITests.swift in Sources */,
			);
			runOnlyForDeploymentPostprocessing = 0;
		};
		959E02F322E6F91500FF53CE /* Sources */ = {
			isa = PBXSourcesBuildPhase;
			buildActionMask = 2147483647;
			files = (
				95EB7DCC22EFFC48005D4181 /* Codable+Extension.swift in Sources */,
				95488CFC22F93CBD006AF9E0 /* UIDevice+Extension.swift in Sources */,
				950369C322FAB7700056CAEA /* UserDefaultTools.swift in Sources */,
				95EB7DD122F003D4005D4181 /* StoryboardName.swift in Sources */,
				6C4BA77D22EB4A9000F3D792 /* Server.swift in Sources */,
				6C505EBE22ED69B90005473C /* WindowPopup.swift in Sources */,
				6C4BA77422EB3DB600F3D792 /* NetworkUtils.swift in Sources */,
				6C374CCD22EC4DED006D3068 /* BaseRxNetwork.swift in Sources */,
				6C4BA76222EB385900F3D792 /* UIColor+Extension.swift in Sources */,
				6C4BA78822EB4DD200F3D792 /* BaseRes.swift in Sources */,
				6C4BA78C22EB564200F3D792 /* CreateUserRes.swift in Sources */,
				6C505ED022EDA1430005473C /* ListUserVC.swift in Sources */,
				6C374CD222EC7E48006D3068 /* UserService.swift in Sources */,
				6C3899D223000C9A00344F0F /* AuthenticateViewModel.swift in Sources */,
				6C3A10A122F31BD6000EBC4B /* UserCell.swift in Sources */,
				950369B122FA762E0056CAEA /* LoginReq.swift in Sources */,
				95488CF822F937C4006AF9E0 /* UIView+Extension.swift in Sources */,
				95488D0022F93E3B006AF9E0 /* UIImageView+Extension.swift in Sources */,
				6C374CD722EC80AA006D3068 /* UserViewModel.swift in Sources */,
				6C505EC422ED6DBE0005473C /* LoadingVC.swift in Sources */,
				950369BB22FA84F80056CAEA /* AlertVC.swift in Sources */,
				6C4BA76B22EB398300F3D792 /* CommonEnum.swift in Sources */,
				959E02F422E6F91500FF53CE /* ViewController.swift in Sources */,
				950369C722FAB9D50056CAEA /* SaveKey.swift in Sources */,
				6C3899CA230008BF00344F0F /* LoginVC.swift in Sources */,
				950369CB22FABEFD0056CAEA /* Dictionary+Extension.swift in Sources */,
				6C3A10A522F31C8B000EBC4B /* Common.swift in Sources */,
				6C374CC922EC4406006D3068 /* Request.swift in Sources */,
				6C4BA79122EB58A000F3D792 /* CreateUserReq.swift in Sources */,
				959E031D22E70B6400FF53CE /* Logger.swift in Sources */,
				95488D0422F93EF0006AF9E0 /* UIButton+Extension.swift in Sources */,
				6C4BA77822EB3E3000F3D792 /* CustomError.swift in Sources */,
				6C4BA76622EB391600F3D792 /* String+Extension.swift in Sources */,
				959E02F522E6F91500FF53CE /* AppDelegate.swift in Sources */,
				6C3A10AA22F32BD5000EBC4B /* ScrollView+Loadmore.swift in Sources */,
				950369B522FA7D070056CAEA /* LoginData.swift in Sources */,
				6C4BA78422EB4CC600F3D792 /* UserModel.swift in Sources */,
				6C3899CE23000BA900344F0F /* AuthenticateService.swift in Sources */,
				6C3A10AE22F33077000EBC4B /* LoadmoreItem.swift in Sources */,
			);
			runOnlyForDeploymentPostprocessing = 0;
		};
		959E030422E6FC3C00FF53CE /* Sources */ = {
			isa = PBXSourcesBuildPhase;
			buildActionMask = 2147483647;
			files = (
				95EB7DCD22EFFC48005D4181 /* Codable+Extension.swift in Sources */,
				95488CFD22F93CBD006AF9E0 /* UIDevice+Extension.swift in Sources */,
				950369C422FAB7700056CAEA /* UserDefaultTools.swift in Sources */,
				95EB7DD222F003D4005D4181 /* StoryboardName.swift in Sources */,
				6C4BA77E22EB4A9000F3D792 /* Server.swift in Sources */,
				6C505EBF22ED69B90005473C /* WindowPopup.swift in Sources */,
				6C4BA77522EB3DB600F3D792 /* NetworkUtils.swift in Sources */,
				6C374CCE22EC4DED006D3068 /* BaseRxNetwork.swift in Sources */,
				6C4BA76322EB385900F3D792 /* UIColor+Extension.swift in Sources */,
				6C4BA78922EB4DD200F3D792 /* BaseRes.swift in Sources */,
				6C4BA78D22EB564200F3D792 /* CreateUserRes.swift in Sources */,
				6C505ED122EDA1430005473C /* ListUserVC.swift in Sources */,
				6C374CD322EC7E48006D3068 /* UserService.swift in Sources */,
				6C3899D323000C9A00344F0F /* AuthenticateViewModel.swift in Sources */,
				6C3A10A222F31BD6000EBC4B /* UserCell.swift in Sources */,
				950369B222FA762E0056CAEA /* LoginReq.swift in Sources */,
				95488CF922F937C4006AF9E0 /* UIView+Extension.swift in Sources */,
				95488D0122F93E3B006AF9E0 /* UIImageView+Extension.swift in Sources */,
				6C374CD822EC80AA006D3068 /* UserViewModel.swift in Sources */,
				6C505EC522ED6DBE0005473C /* LoadingVC.swift in Sources */,
				950369BC22FA84F80056CAEA /* AlertVC.swift in Sources */,
				6C4BA76C22EB398300F3D792 /* CommonEnum.swift in Sources */,
				959E030522E6FC3C00FF53CE /* ViewController.swift in Sources */,
				950369C822FAB9D50056CAEA /* SaveKey.swift in Sources */,
				6C3899CB230008BF00344F0F /* LoginVC.swift in Sources */,
				950369CC22FABEFD0056CAEA /* Dictionary+Extension.swift in Sources */,
				6C3A10A622F31C8B000EBC4B /* Common.swift in Sources */,
				6C374CCA22EC4406006D3068 /* Request.swift in Sources */,
				6C4BA79222EB58A000F3D792 /* CreateUserReq.swift in Sources */,
				959E031E22E70B6400FF53CE /* Logger.swift in Sources */,
				95488D0522F93EF0006AF9E0 /* UIButton+Extension.swift in Sources */,
				6C4BA77922EB3E3000F3D792 /* CustomError.swift in Sources */,
				6C4BA76722EB391600F3D792 /* String+Extension.swift in Sources */,
				959E030622E6FC3C00FF53CE /* AppDelegate.swift in Sources */,
				6C3A10AB22F32BD5000EBC4B /* ScrollView+Loadmore.swift in Sources */,
				950369B622FA7D070056CAEA /* LoginData.swift in Sources */,
				6C4BA78522EB4CC600F3D792 /* UserModel.swift in Sources */,
				6C3899CF23000BA900344F0F /* AuthenticateService.swift in Sources */,
				6C3A10AF22F33077000EBC4B /* LoadmoreItem.swift in Sources */,
			);
			runOnlyForDeploymentPostprocessing = 0;
		};
/* End PBXSourcesBuildPhase section */

/* Begin PBXTargetDependency section */
		6CE3039D22E46E5A00C3E77A /* PBXTargetDependency */ = {
			isa = PBXTargetDependency;
			target = 6CE3038622E46E5900C3E77A /* SwiftSourceBase */;
			targetProxy = 6CE3039C22E46E5A00C3E77A /* PBXContainerItemProxy */;
		};
		6CE303A822E46E5A00C3E77A /* PBXTargetDependency */ = {
			isa = PBXTargetDependency;
			target = 6CE3038622E46E5900C3E77A /* SwiftSourceBase */;
			targetProxy = 6CE303A722E46E5A00C3E77A /* PBXContainerItemProxy */;
		};
/* End PBXTargetDependency section */

/* Begin PBXVariantGroup section */
		6CE3038E22E46E5900C3E77A /* Main.storyboard */ = {
			isa = PBXVariantGroup;
			children = (
				6CE3038F22E46E5900C3E77A /* Base */,
			);
			name = Main.storyboard;
			sourceTree = "<group>";
		};
		6CE3039322E46E5A00C3E77A /* LaunchScreen.storyboard */ = {
			isa = PBXVariantGroup;
			children = (
				6CE3039422E46E5A00C3E77A /* Base */,
			);
			name = LaunchScreen.storyboard;
			sourceTree = "<group>";
		};
		9544AA4A22E85FE80062270E /* Localizable.strings */ = {
			isa = PBXVariantGroup;
			children = (
				9544AA4922E85FE80062270E /* en */,
				9544AA4B22E860020062270E /* vi */,
			);
			name = Localizable.strings;
			sourceTree = "<group>";
		};
/* End PBXVariantGroup section */

/* Begin XCBuildConfiguration section */
		6CE303AD22E46E5A00C3E77A /* Debug */ = {
			isa = XCBuildConfiguration;
			buildSettings = {
				ALWAYS_SEARCH_USER_PATHS = NO;
				CLANG_ANALYZER_LOCALIZABILITY_NONLOCALIZED = YES;
				CLANG_ANALYZER_NONNULL = YES;
				CLANG_ANALYZER_NUMBER_OBJECT_CONVERSION = YES_AGGRESSIVE;
				CLANG_CXX_LANGUAGE_STANDARD = "gnu++14";
				CLANG_CXX_LIBRARY = "libc++";
				CLANG_ENABLE_MODULES = YES;
				CLANG_ENABLE_OBJC_ARC = YES;
				CLANG_ENABLE_OBJC_WEAK = YES;
				CLANG_WARN_BLOCK_CAPTURE_AUTORELEASING = YES;
				CLANG_WARN_BOOL_CONVERSION = YES;
				CLANG_WARN_COMMA = YES;
				CLANG_WARN_CONSTANT_CONVERSION = YES;
				CLANG_WARN_DEPRECATED_OBJC_IMPLEMENTATIONS = YES;
				CLANG_WARN_DIRECT_OBJC_ISA_USAGE = YES_ERROR;
				CLANG_WARN_DOCUMENTATION_COMMENTS = YES;
				CLANG_WARN_EMPTY_BODY = YES;
				CLANG_WARN_ENUM_CONVERSION = YES;
				CLANG_WARN_INFINITE_RECURSION = YES;
				CLANG_WARN_INT_CONVERSION = YES;
				CLANG_WARN_NON_LITERAL_NULL_CONVERSION = YES;
				CLANG_WARN_OBJC_IMPLICIT_RETAIN_SELF = YES;
				CLANG_WARN_OBJC_LITERAL_CONVERSION = YES;
				CLANG_WARN_OBJC_ROOT_CLASS = YES_ERROR;
				CLANG_WARN_RANGE_LOOP_ANALYSIS = YES;
				CLANG_WARN_STRICT_PROTOTYPES = YES;
				CLANG_WARN_SUSPICIOUS_MOVE = YES;
				CLANG_WARN_UNGUARDED_AVAILABILITY = YES_AGGRESSIVE;
				CLANG_WARN_UNREACHABLE_CODE = YES;
				CLANG_WARN__DUPLICATE_METHOD_MATCH = YES;
				CODE_SIGN_IDENTITY = "iPhone Developer";
				COPY_PHASE_STRIP = NO;
				DEBUG_INFORMATION_FORMAT = dwarf;
				ENABLE_STRICT_OBJC_MSGSEND = YES;
				ENABLE_TESTABILITY = YES;
				GCC_C_LANGUAGE_STANDARD = gnu11;
				GCC_DYNAMIC_NO_PIC = NO;
				GCC_NO_COMMON_BLOCKS = YES;
				GCC_OPTIMIZATION_LEVEL = 0;
				GCC_PREPROCESSOR_DEFINITIONS = (
					"DEBUG=1",
					"$(inherited)",
				);
				GCC_WARN_64_TO_32_BIT_CONVERSION = YES;
				GCC_WARN_ABOUT_RETURN_TYPE = YES_ERROR;
				GCC_WARN_UNDECLARED_SELECTOR = YES;
				GCC_WARN_UNINITIALIZED_AUTOS = YES_AGGRESSIVE;
				GCC_WARN_UNUSED_FUNCTION = YES;
				GCC_WARN_UNUSED_VARIABLE = YES;
				IPHONEOS_DEPLOYMENT_TARGET = 10.0;
				MTL_ENABLE_DEBUG_INFO = INCLUDE_SOURCE;
				MTL_FAST_MATH = YES;
				ONLY_ACTIVE_ARCH = YES;
				SDKROOT = iphoneos;
				SWIFT_ACTIVE_COMPILATION_CONDITIONS = DEBUG;
				SWIFT_OPTIMIZATION_LEVEL = "-Onone";
			};
			name = Debug;
		};
		6CE303AE22E46E5A00C3E77A /* Release */ = {
			isa = XCBuildConfiguration;
			buildSettings = {
				ALWAYS_SEARCH_USER_PATHS = NO;
				CLANG_ANALYZER_LOCALIZABILITY_NONLOCALIZED = YES;
				CLANG_ANALYZER_NONNULL = YES;
				CLANG_ANALYZER_NUMBER_OBJECT_CONVERSION = YES_AGGRESSIVE;
				CLANG_CXX_LANGUAGE_STANDARD = "gnu++14";
				CLANG_CXX_LIBRARY = "libc++";
				CLANG_ENABLE_MODULES = YES;
				CLANG_ENABLE_OBJC_ARC = YES;
				CLANG_ENABLE_OBJC_WEAK = YES;
				CLANG_WARN_BLOCK_CAPTURE_AUTORELEASING = YES;
				CLANG_WARN_BOOL_CONVERSION = YES;
				CLANG_WARN_COMMA = YES;
				CLANG_WARN_CONSTANT_CONVERSION = YES;
				CLANG_WARN_DEPRECATED_OBJC_IMPLEMENTATIONS = YES;
				CLANG_WARN_DIRECT_OBJC_ISA_USAGE = YES_ERROR;
				CLANG_WARN_DOCUMENTATION_COMMENTS = YES;
				CLANG_WARN_EMPTY_BODY = YES;
				CLANG_WARN_ENUM_CONVERSION = YES;
				CLANG_WARN_INFINITE_RECURSION = YES;
				CLANG_WARN_INT_CONVERSION = YES;
				CLANG_WARN_NON_LITERAL_NULL_CONVERSION = YES;
				CLANG_WARN_OBJC_IMPLICIT_RETAIN_SELF = YES;
				CLANG_WARN_OBJC_LITERAL_CONVERSION = YES;
				CLANG_WARN_OBJC_ROOT_CLASS = YES_ERROR;
				CLANG_WARN_RANGE_LOOP_ANALYSIS = YES;
				CLANG_WARN_STRICT_PROTOTYPES = YES;
				CLANG_WARN_SUSPICIOUS_MOVE = YES;
				CLANG_WARN_UNGUARDED_AVAILABILITY = YES_AGGRESSIVE;
				CLANG_WARN_UNREACHABLE_CODE = YES;
				CLANG_WARN__DUPLICATE_METHOD_MATCH = YES;
				CODE_SIGN_IDENTITY = "iPhone Developer";
				COPY_PHASE_STRIP = NO;
				DEBUG_INFORMATION_FORMAT = "dwarf-with-dsym";
				ENABLE_NS_ASSERTIONS = NO;
				ENABLE_STRICT_OBJC_MSGSEND = YES;
				GCC_C_LANGUAGE_STANDARD = gnu11;
				GCC_NO_COMMON_BLOCKS = YES;
				GCC_WARN_64_TO_32_BIT_CONVERSION = YES;
				GCC_WARN_ABOUT_RETURN_TYPE = YES_ERROR;
				GCC_WARN_UNDECLARED_SELECTOR = YES;
				GCC_WARN_UNINITIALIZED_AUTOS = YES_AGGRESSIVE;
				GCC_WARN_UNUSED_FUNCTION = YES;
				GCC_WARN_UNUSED_VARIABLE = YES;
				IPHONEOS_DEPLOYMENT_TARGET = 10.0;
				MTL_ENABLE_DEBUG_INFO = NO;
				MTL_FAST_MATH = YES;
				SDKROOT = iphoneos;
				SWIFT_COMPILATION_MODE = wholemodule;
				SWIFT_OPTIMIZATION_LEVEL = "-O";
				VALIDATE_PRODUCT = YES;
			};
			name = Release;
		};
		6CE303B022E46E5A00C3E77A /* Debug */ = {
			isa = XCBuildConfiguration;
			baseConfigurationReference = 59E06673744DC2C31C2B226F /* Pods-SwiftSourceBase.debug.xcconfig */;
			buildSettings = {
				ASSETCATALOG_COMPILER_APPICON_NAME = AppIcon;
				CODE_SIGN_STYLE = Manual;
				DEVELOPMENT_TEAM = "";
				INFOPLIST_FILE = SwiftSourceBase/Resources/Info.plist;
				IPHONEOS_DEPLOYMENT_TARGET = 10.0;
				LD_RUNPATH_SEARCH_PATHS = (
					"$(inherited)",
					"@executable_path/Frameworks",
				);
				OTHER_SWIFT_FLAGS = "-D PROD $(inherited)";
				PRODUCT_BUNDLE_IDENTIFIER = com.bta.SwiftSourceBase;
				PRODUCT_NAME = "$(TARGET_NAME)";
				PROVISIONING_PROFILE_SPECIFIER = "";
				SWIFT_VERSION = 5.0;
				TARGETED_DEVICE_FAMILY = "1,2";
			};
			name = Debug;
		};
		6CE303B122E46E5A00C3E77A /* Release */ = {
			isa = XCBuildConfiguration;
			baseConfigurationReference = EB902C4516673CA0F93C5DF0 /* Pods-SwiftSourceBase.release.xcconfig */;
			buildSettings = {
				ASSETCATALOG_COMPILER_APPICON_NAME = AppIcon;
				CODE_SIGN_STYLE = Manual;
				DEVELOPMENT_TEAM = "";
				INFOPLIST_FILE = SwiftSourceBase/Resources/Info.plist;
				IPHONEOS_DEPLOYMENT_TARGET = 10.0;
				LD_RUNPATH_SEARCH_PATHS = (
					"$(inherited)",
					"@executable_path/Frameworks",
				);
				OTHER_SWIFT_FLAGS = "-D PROD $(inherited)";
				PRODUCT_BUNDLE_IDENTIFIER = com.bta.SwiftSourceBase;
				PRODUCT_NAME = "$(TARGET_NAME)";
				PROVISIONING_PROFILE_SPECIFIER = "";
				SWIFT_VERSION = 5.0;
				TARGETED_DEVICE_FAMILY = "1,2";
			};
			name = Release;
		};
		6CE303B322E46E5A00C3E77A /* Debug */ = {
			isa = XCBuildConfiguration;
			buildSettings = {
				ALWAYS_EMBED_SWIFT_STANDARD_LIBRARIES = YES;
				BUNDLE_LOADER = "$(TEST_HOST)";
				CODE_SIGN_STYLE = Automatic;
				INFOPLIST_FILE = SwiftSourceBaseTests/Info.plist;
				LD_RUNPATH_SEARCH_PATHS = (
					"$(inherited)",
					"@executable_path/Frameworks",
					"@loader_path/Frameworks",
				);
				PRODUCT_BUNDLE_IDENTIFIER = com.bta.SwiftSourceBaseTests;
				PRODUCT_NAME = "$(TARGET_NAME)";
				SWIFT_VERSION = 5.0;
				TARGETED_DEVICE_FAMILY = "1,2";
				TEST_HOST = "$(BUILT_PRODUCTS_DIR)/SwiftSourceBase.app/SwiftSourceBase";
			};
			name = Debug;
		};
		6CE303B422E46E5A00C3E77A /* Release */ = {
			isa = XCBuildConfiguration;
			buildSettings = {
				ALWAYS_EMBED_SWIFT_STANDARD_LIBRARIES = YES;
				BUNDLE_LOADER = "$(TEST_HOST)";
				CODE_SIGN_STYLE = Automatic;
				INFOPLIST_FILE = SwiftSourceBaseTests/Info.plist;
				LD_RUNPATH_SEARCH_PATHS = (
					"$(inherited)",
					"@executable_path/Frameworks",
					"@loader_path/Frameworks",
				);
				PRODUCT_BUNDLE_IDENTIFIER = com.bta.SwiftSourceBaseTests;
				PRODUCT_NAME = "$(TARGET_NAME)";
				SWIFT_VERSION = 5.0;
				TARGETED_DEVICE_FAMILY = "1,2";
				TEST_HOST = "$(BUILT_PRODUCTS_DIR)/SwiftSourceBase.app/SwiftSourceBase";
			};
			name = Release;
		};
		6CE303B622E46E5A00C3E77A /* Debug */ = {
			isa = XCBuildConfiguration;
			buildSettings = {
				ALWAYS_EMBED_SWIFT_STANDARD_LIBRARIES = YES;
				CODE_SIGN_STYLE = Automatic;
				INFOPLIST_FILE = SwiftSourceBaseUITests/Info.plist;
				LD_RUNPATH_SEARCH_PATHS = (
					"$(inherited)",
					"@executable_path/Frameworks",
					"@loader_path/Frameworks",
				);
				PRODUCT_BUNDLE_IDENTIFIER = com.bta.SwiftSourceBaseUITests;
				PRODUCT_NAME = "$(TARGET_NAME)";
				SWIFT_VERSION = 5.0;
				TARGETED_DEVICE_FAMILY = "1,2";
				TEST_TARGET_NAME = SwiftSourceBase;
			};
			name = Debug;
		};
		6CE303B722E46E5A00C3E77A /* Release */ = {
			isa = XCBuildConfiguration;
			buildSettings = {
				ALWAYS_EMBED_SWIFT_STANDARD_LIBRARIES = YES;
				CODE_SIGN_STYLE = Automatic;
				INFOPLIST_FILE = SwiftSourceBaseUITests/Info.plist;
				LD_RUNPATH_SEARCH_PATHS = (
					"$(inherited)",
					"@executable_path/Frameworks",
					"@loader_path/Frameworks",
				);
				PRODUCT_BUNDLE_IDENTIFIER = com.bta.SwiftSourceBaseUITests;
				PRODUCT_NAME = "$(TARGET_NAME)";
				SWIFT_VERSION = 5.0;
				TARGETED_DEVICE_FAMILY = "1,2";
				TEST_TARGET_NAME = SwiftSourceBase;
			};
			name = Release;
		};
		959E02FE22E6F91500FF53CE /* Debug */ = {
			isa = XCBuildConfiguration;
			baseConfigurationReference = 126F37B8FB3CDCAA8BDE962F /* Pods-DevSwiftSourceBase.debug.xcconfig */;
			buildSettings = {
				ASSETCATALOG_COMPILER_APPICON_NAME = "AppIcon-dev";
				CODE_SIGN_IDENTITY = "iPhone Developer";
				CODE_SIGN_STYLE = Automatic;
				DEVELOPMENT_TEAM = MN3E9AE5P7;
				INFOPLIST_FILE = "SwiftSourceBase/Resources/Dev-Info.plist";
				IPHONEOS_DEPLOYMENT_TARGET = 10.0;
				LD_RUNPATH_SEARCH_PATHS = (
					"$(inherited)",
					"@executable_path/Frameworks",
				);
				OTHER_SWIFT_FLAGS = "-D DEV $(inherited)";
				PRODUCT_BUNDLE_IDENTIFIER = com.bta.SwiftSourceBase.dev;
				PRODUCT_NAME = "$(TARGET_NAME)";
				PROVISIONING_PROFILE_SPECIFIER = "";
				SWIFT_VERSION = 5.0;
				TARGETED_DEVICE_FAMILY = "1,2";
			};
			name = Debug;
		};
		959E02FF22E6F91500FF53CE /* Release */ = {
			isa = XCBuildConfiguration;
			baseConfigurationReference = 3F321BA401264CBD67A6E55D /* Pods-DevSwiftSourceBase.release.xcconfig */;
			buildSettings = {
				ASSETCATALOG_COMPILER_APPICON_NAME = "AppIcon-dev";
				CODE_SIGN_IDENTITY = "iPhone Developer";
				CODE_SIGN_STYLE = Automatic;
				DEVELOPMENT_TEAM = MN3E9AE5P7;
				INFOPLIST_FILE = "SwiftSourceBase/Resources/Dev-Info.plist";
				IPHONEOS_DEPLOYMENT_TARGET = 10.0;
				LD_RUNPATH_SEARCH_PATHS = (
					"$(inherited)",
					"@executable_path/Frameworks",
				);
				OTHER_SWIFT_FLAGS = "-D DEV $(inherited)";
				PRODUCT_BUNDLE_IDENTIFIER = com.bta.SwiftSourceBase.dev;
				PRODUCT_NAME = "$(TARGET_NAME)";
				PROVISIONING_PROFILE_SPECIFIER = "";
				SWIFT_VERSION = 5.0;
				TARGETED_DEVICE_FAMILY = "1,2";
			};
			name = Release;
		};
		959E030F22E6FC3C00FF53CE /* Debug */ = {
			isa = XCBuildConfiguration;
			baseConfigurationReference = 2BDDD8777F8D38561CB36F82 /* Pods-StgSwiftSourceBase.debug.xcconfig */;
			buildSettings = {
				ASSETCATALOG_COMPILER_APPICON_NAME = "AppIcon-stg";
				CODE_SIGN_STYLE = Manual;
				DEVELOPMENT_TEAM = "";
				INFOPLIST_FILE = "SwiftSourceBase/Resources/Stg-Info.plist";
				IPHONEOS_DEPLOYMENT_TARGET = 10.0;
				LD_RUNPATH_SEARCH_PATHS = (
					"$(inherited)",
					"@executable_path/Frameworks",
				);
				OTHER_SWIFT_FLAGS = "-D STG $(inherited)";
				PRODUCT_BUNDLE_IDENTIFIER = com.bta.SwiftSourceBase.stg;
				PRODUCT_NAME = "$(TARGET_NAME)";
				PROVISIONING_PROFILE_SPECIFIER = "";
				SWIFT_VERSION = 5.0;
				TARGETED_DEVICE_FAMILY = "1,2";
			};
			name = Debug;
		};
		959E031022E6FC3C00FF53CE /* Release */ = {
			isa = XCBuildConfiguration;
			baseConfigurationReference = 07B01148B732273F108B44C4 /* Pods-StgSwiftSourceBase.release.xcconfig */;
			buildSettings = {
				ASSETCATALOG_COMPILER_APPICON_NAME = "AppIcon-stg";
				CODE_SIGN_STYLE = Manual;
				DEVELOPMENT_TEAM = "";
				INFOPLIST_FILE = "SwiftSourceBase/Resources/Stg-Info.plist";
				IPHONEOS_DEPLOYMENT_TARGET = 10.0;
				LD_RUNPATH_SEARCH_PATHS = (
					"$(inherited)",
					"@executable_path/Frameworks",
				);
				OTHER_SWIFT_FLAGS = "-D STG $(inherited)";
				PRODUCT_BUNDLE_IDENTIFIER = com.bta.SwiftSourceBase.stg;
				PRODUCT_NAME = "$(TARGET_NAME)";
				PROVISIONING_PROFILE_SPECIFIER = "";
				SWIFT_VERSION = 5.0;
				TARGETED_DEVICE_FAMILY = "1,2";
			};
			name = Release;
		};
/* End XCBuildConfiguration section */

/* Begin XCConfigurationList section */
		6CE3038222E46E5900C3E77A /* Build configuration list for PBXProject "SwiftSourceBase" */ = {
			isa = XCConfigurationList;
			buildConfigurations = (
				6CE303AD22E46E5A00C3E77A /* Debug */,
				6CE303AE22E46E5A00C3E77A /* Release */,
			);
			defaultConfigurationIsVisible = 0;
			defaultConfigurationName = Release;
		};
		6CE303AF22E46E5A00C3E77A /* Build configuration list for PBXNativeTarget "SwiftSourceBase" */ = {
			isa = XCConfigurationList;
			buildConfigurations = (
				6CE303B022E46E5A00C3E77A /* Debug */,
				6CE303B122E46E5A00C3E77A /* Release */,
			);
			defaultConfigurationIsVisible = 0;
			defaultConfigurationName = Release;
		};
		6CE303B222E46E5A00C3E77A /* Build configuration list for PBXNativeTarget "SwiftSourceBaseTests" */ = {
			isa = XCConfigurationList;
			buildConfigurations = (
				6CE303B322E46E5A00C3E77A /* Debug */,
				6CE303B422E46E5A00C3E77A /* Release */,
			);
			defaultConfigurationIsVisible = 0;
			defaultConfigurationName = Release;
		};
		6CE303B522E46E5A00C3E77A /* Build configuration list for PBXNativeTarget "SwiftSourceBaseUITests" */ = {
			isa = XCConfigurationList;
			buildConfigurations = (
				6CE303B622E46E5A00C3E77A /* Debug */,
				6CE303B722E46E5A00C3E77A /* Release */,
			);
			defaultConfigurationIsVisible = 0;
			defaultConfigurationName = Release;
		};
		959E02FD22E6F91500FF53CE /* Build configuration list for PBXNativeTarget "DevSwiftSourceBase" */ = {
			isa = XCConfigurationList;
			buildConfigurations = (
				959E02FE22E6F91500FF53CE /* Debug */,
				959E02FF22E6F91500FF53CE /* Release */,
			);
			defaultConfigurationIsVisible = 0;
			defaultConfigurationName = Release;
		};
		959E030E22E6FC3C00FF53CE /* Build configuration list for PBXNativeTarget "StgSwiftSourceBase" */ = {
			isa = XCConfigurationList;
			buildConfigurations = (
				959E030F22E6FC3C00FF53CE /* Debug */,
				959E031022E6FC3C00FF53CE /* Release */,
			);
			defaultConfigurationIsVisible = 0;
			defaultConfigurationName = Release;
		};
/* End XCConfigurationList section */
	};
	rootObject = 6CE3037F22E46E5900C3E77A /* Project object */;
}
